// !$*UTF8*$!
{
	archiveVersion = 1;
	classes = {
	};
	objectVersion = 51;
	objects = {

/* Begin PBXBuildFile section */
		4AB0D54D4A473118C96593E1 /* Pods_WingMate_iOS.framework in Frameworks */ = {isa = PBXBuildFile; fileRef = 09B438F8E927009B0A4F30F1 /* Pods_WingMate_iOS.framework */; };
		52F82BDD253556AD004AF1ED /* RegisterAPI.swift in Sources */ = {isa = PBXBuildFile; fileRef = 52F82BDC253556AD004AF1ED /* RegisterAPI.swift */; };
		882EDB3125322306009E8C46 /* AppDelegate.swift in Sources */ = {isa = PBXBuildFile; fileRef = 882EDB3025322306009E8C46 /* AppDelegate.swift */; };
		882EDB3825322306009E8C46 /* Main.storyboard in Resources */ = {isa = PBXBuildFile; fileRef = 882EDB3625322306009E8C46 /* Main.storyboard */; };
		882EDB3A2532230A009E8C46 /* Assets.xcassets in Resources */ = {isa = PBXBuildFile; fileRef = 882EDB392532230A009E8C46 /* Assets.xcassets */; };
		882EDB3D2532230A009E8C46 /* LaunchScreen.storyboard in Resources */ = {isa = PBXBuildFile; fileRef = 882EDB3B2532230A009E8C46 /* LaunchScreen.storyboard */; };
		882EDB482532230A009E8C46 /* WingMate_iOSTests.swift in Sources */ = {isa = PBXBuildFile; fileRef = 882EDB472532230A009E8C46 /* WingMate_iOSTests.swift */; };
		882EDB532532230A009E8C46 /* WingMate_iOSUITests.swift in Sources */ = {isa = PBXBuildFile; fileRef = 882EDB522532230A009E8C46 /* WingMate_iOSUITests.swift */; };
		FA285E94253B663100A5303E /* SplashVC.swift in Sources */ = {isa = PBXBuildFile; fileRef = FA285E92253B663100A5303E /* SplashVC.swift */; };
		FA285E95253B663100A5303E /* SplashVC.xib in Resources */ = {isa = PBXBuildFile; fileRef = FA285E93253B663100A5303E /* SplashVC.xib */; };
		FA285EB2253B721600A5303E /* DecideLoginRegisterVC.swift in Sources */ = {isa = PBXBuildFile; fileRef = FA285EB0253B721600A5303E /* DecideLoginRegisterVC.swift */; };
		FA285EB3253B721600A5303E /* DecideLoginRegisterVC.xib in Resources */ = {isa = PBXBuildFile; fileRef = FA285EB1253B721600A5303E /* DecideLoginRegisterVC.xib */; };
		FA285EBE253B842400A5303E /* UITextField-Extension.swift in Sources */ = {isa = PBXBuildFile; fileRef = FA285EBD253B842400A5303E /* UITextField-Extension.swift */; };
		FA9EFD272537793700A1ED1C /* Strings.swift in Sources */ = {isa = PBXBuildFile; fileRef = FA9EFD222537793700A1ED1C /* Strings.swift */; };
		FA9EFD282537793700A1ED1C /* Utilities.swift in Sources */ = {isa = PBXBuildFile; fileRef = FA9EFD232537793700A1ED1C /* Utilities.swift */; };
		FA9EFD292537793700A1ED1C /* GlobalVariables.swift in Sources */ = {isa = PBXBuildFile; fileRef = FA9EFD242537793700A1ED1C /* GlobalVariables.swift */; };
		FA9EFD2B2537793700A1ED1C /* Enums.swift in Sources */ = {isa = PBXBuildFile; fileRef = FA9EFD262537793700A1ED1C /* Enums.swift */; };
		FA9EFD41253779DD00A1ED1C /* String-Extension.swift in Sources */ = {isa = PBXBuildFile; fileRef = FA9EFD33253779DC00A1ED1C /* String-Extension.swift */; };
		FA9EFD42253779DD00A1ED1C /* NSObject-Extension.swift in Sources */ = {isa = PBXBuildFile; fileRef = FA9EFD34253779DC00A1ED1C /* NSObject-Extension.swift */; };
		FA9EFD43253779DD00A1ED1C /* UIColor-Extension.swift in Sources */ = {isa = PBXBuildFile; fileRef = FA9EFD35253779DC00A1ED1C /* UIColor-Extension.swift */; };
		FA9EFD44253779DD00A1ED1C /* UIView-Extension.swift in Sources */ = {isa = PBXBuildFile; fileRef = FA9EFD36253779DC00A1ED1C /* UIView-Extension.swift */; };
		FA9EFD45253779DD00A1ED1C /* UIButton-Extension.swift in Sources */ = {isa = PBXBuildFile; fileRef = FA9EFD37253779DD00A1ED1C /* UIButton-Extension.swift */; };
		FA9EFD46253779DD00A1ED1C /* UIApplication-Extension.swift in Sources */ = {isa = PBXBuildFile; fileRef = FA9EFD38253779DD00A1ED1C /* UIApplication-Extension.swift */; };
		FA9EFD47253779DD00A1ED1C /* UILabel-Extension.swift in Sources */ = {isa = PBXBuildFile; fileRef = FA9EFD39253779DD00A1ED1C /* UILabel-Extension.swift */; };
		FA9EFD48253779DD00A1ED1C /* DateTime-Extension.swift in Sources */ = {isa = PBXBuildFile; fileRef = FA9EFD3A253779DD00A1ED1C /* DateTime-Extension.swift */; };
		FA9EFD49253779DD00A1ED1C /* UIViewController-Extension.swift in Sources */ = {isa = PBXBuildFile; fileRef = FA9EFD3B253779DD00A1ED1C /* UIViewController-Extension.swift */; };
		FA9EFD4A253779DD00A1ED1C /* FileManager-Extension.swift in Sources */ = {isa = PBXBuildFile; fileRef = FA9EFD3C253779DD00A1ED1C /* FileManager-Extension.swift */; };
		FA9EFD4B253779DD00A1ED1C /* URL-Extension.swift in Sources */ = {isa = PBXBuildFile; fileRef = FA9EFD3D253779DD00A1ED1C /* URL-Extension.swift */; };
		FA9EFD4C253779DD00A1ED1C /* ImagePicker-Extension.swift in Sources */ = {isa = PBXBuildFile; fileRef = FA9EFD3E253779DD00A1ED1C /* ImagePicker-Extension.swift */; };
		FA9EFD4D253779DD00A1ED1C /* UITableView-Extension.swift in Sources */ = {isa = PBXBuildFile; fileRef = FA9EFD3F253779DD00A1ED1C /* UITableView-Extension.swift */; };
		FA9EFD4E253779DD00A1ED1C /* Double-Extension.swift in Sources */ = {isa = PBXBuildFile; fileRef = FA9EFD40253779DD00A1ED1C /* Double-Extension.swift */; };
		FA9EFD5425377A3B00A1ED1C /* ApplicationManager.swift in Sources */ = {isa = PBXBuildFile; fileRef = FA9EFD5325377A3B00A1ED1C /* ApplicationManager.swift */; };
		FA9EFD7025377B4F00A1ED1C /* LoginAPI.swift in Sources */ = {isa = PBXBuildFile; fileRef = FA9EFD6F25377B4F00A1ED1C /* LoginAPI.swift */; };
		FA9EFD7E25377BA200A1ED1C /* BaseTableViewCell.swift in Sources */ = {isa = PBXBuildFile; fileRef = FA9EFD7B25377BA200A1ED1C /* BaseTableViewCell.swift */; };
		FA9EFD7F25377BA200A1ED1C /* BaseVC.swift in Sources */ = {isa = PBXBuildFile; fileRef = FA9EFD7C25377BA200A1ED1C /* BaseVC.swift */; };
		FA9EFD8025377BA200A1ED1C /* BaseCollectionViewCell.swift in Sources */ = {isa = PBXBuildFile; fileRef = FA9EFD7D25377BA200A1ED1C /* BaseCollectionViewCell.swift */; };
		FA9EFD8A25377C4300A1ED1C /* LoginVC.swift in Sources */ = {isa = PBXBuildFile; fileRef = FA9EFD8825377C4300A1ED1C /* LoginVC.swift */; };
		FA9EFD8B25377C4300A1ED1C /* LoginVC.xib in Resources */ = {isa = PBXBuildFile; fileRef = FA9EFD8925377C4300A1ED1C /* LoginVC.xib */; };
		FA9EFDAA25377D2100A1ED1C /* User.swift in Sources */ = {isa = PBXBuildFile; fileRef = FA9EFDA925377D2100A1ED1C /* User.swift */; };
		FA9EFDB225377DA200A1ED1C /* ParseConfiguration.swift in Sources */ = {isa = PBXBuildFile; fileRef = FA9EFDB125377DA200A1ED1C /* ParseConfiguration.swift */; };
		FA9EFE66253B498400A1ED1C /* Baloo2-Bold.ttf in Resources */ = {isa = PBXBuildFile; fileRef = FA9EFE65253B498400A1ED1C /* Baloo2-Bold.ttf */; };
		FA9EFE6C253B4B8300A1ED1C /* OpenSans-Regular.ttf in Resources */ = {isa = PBXBuildFile; fileRef = FA9EFE6A253B4B8300A1ED1C /* OpenSans-Regular.ttf */; };
		FA9EFE6D253B4B8300A1ED1C /* OpenSans-Bold.ttf in Resources */ = {isa = PBXBuildFile; fileRef = FA9EFE6B253B4B8300A1ED1C /* OpenSans-Bold.ttf */; };
		FAF13CF2253C26B800D1499A /* ForgotPasswordVC.swift in Sources */ = {isa = PBXBuildFile; fileRef = FAF13CF0253C26B800D1499A /* ForgotPasswordVC.swift */; };
		FAF13CF3253C26B800D1499A /* ForgotPasswordVC.xib in Resources */ = {isa = PBXBuildFile; fileRef = FAF13CF1253C26B800D1499A /* ForgotPasswordVC.xib */; };
/* End PBXBuildFile section */

/* Begin PBXContainerItemProxy section */
		882EDB442532230A009E8C46 /* PBXContainerItemProxy */ = {
			isa = PBXContainerItemProxy;
			containerPortal = 882EDB2525322306009E8C46 /* Project object */;
			proxyType = 1;
			remoteGlobalIDString = 882EDB2C25322306009E8C46;
			remoteInfo = WingMate_iOS;
		};
		882EDB4F2532230A009E8C46 /* PBXContainerItemProxy */ = {
			isa = PBXContainerItemProxy;
			containerPortal = 882EDB2525322306009E8C46 /* Project object */;
			proxyType = 1;
			remoteGlobalIDString = 882EDB2C25322306009E8C46;
			remoteInfo = WingMate_iOS;
		};
/* End PBXContainerItemProxy section */

/* Begin PBXFileReference section */
		09B438F8E927009B0A4F30F1 /* Pods_WingMate_iOS.framework */ = {isa = PBXFileReference; explicitFileType = wrapper.framework; includeInIndex = 0; path = Pods_WingMate_iOS.framework; sourceTree = BUILT_PRODUCTS_DIR; };
		52F82BDC253556AD004AF1ED /* RegisterAPI.swift */ = {isa = PBXFileReference; lastKnownFileType = sourcecode.swift; path = RegisterAPI.swift; sourceTree = "<group>"; };
		70517DE6A53286DDC37984C3 /* Pods-WingMate_iOS.release.xcconfig */ = {isa = PBXFileReference; includeInIndex = 1; lastKnownFileType = text.xcconfig; name = "Pods-WingMate_iOS.release.xcconfig"; path = "Target Support Files/Pods-WingMate_iOS/Pods-WingMate_iOS.release.xcconfig"; sourceTree = "<group>"; };
		8668EF29CD881BF614A1E3F9 /* Pods-WingMate_iOS.debug.xcconfig */ = {isa = PBXFileReference; includeInIndex = 1; lastKnownFileType = text.xcconfig; name = "Pods-WingMate_iOS.debug.xcconfig"; path = "Target Support Files/Pods-WingMate_iOS/Pods-WingMate_iOS.debug.xcconfig"; sourceTree = "<group>"; };
		882EDB2D25322306009E8C46 /* WingMate_iOS.app */ = {isa = PBXFileReference; explicitFileType = wrapper.application; includeInIndex = 0; path = WingMate_iOS.app; sourceTree = BUILT_PRODUCTS_DIR; };
		882EDB3025322306009E8C46 /* AppDelegate.swift */ = {isa = PBXFileReference; lastKnownFileType = sourcecode.swift; path = AppDelegate.swift; sourceTree = "<group>"; };
		882EDB3725322306009E8C46 /* Base */ = {isa = PBXFileReference; lastKnownFileType = file.storyboard; name = Base; path = Base.lproj/Main.storyboard; sourceTree = "<group>"; };
		882EDB392532230A009E8C46 /* Assets.xcassets */ = {isa = PBXFileReference; lastKnownFileType = folder.assetcatalog; path = Assets.xcassets; sourceTree = "<group>"; };
		882EDB3C2532230A009E8C46 /* Base */ = {isa = PBXFileReference; lastKnownFileType = file.storyboard; name = Base; path = Base.lproj/LaunchScreen.storyboard; sourceTree = "<group>"; };
		882EDB3E2532230A009E8C46 /* Info.plist */ = {isa = PBXFileReference; lastKnownFileType = text.plist.xml; path = Info.plist; sourceTree = "<group>"; };
		882EDB432532230A009E8C46 /* WingMate_iOSTests.xctest */ = {isa = PBXFileReference; explicitFileType = wrapper.cfbundle; includeInIndex = 0; path = WingMate_iOSTests.xctest; sourceTree = BUILT_PRODUCTS_DIR; };
		882EDB472532230A009E8C46 /* WingMate_iOSTests.swift */ = {isa = PBXFileReference; lastKnownFileType = sourcecode.swift; path = WingMate_iOSTests.swift; sourceTree = "<group>"; };
		882EDB492532230A009E8C46 /* Info.plist */ = {isa = PBXFileReference; lastKnownFileType = text.plist.xml; path = Info.plist; sourceTree = "<group>"; };
		882EDB4E2532230A009E8C46 /* WingMate_iOSUITests.xctest */ = {isa = PBXFileReference; explicitFileType = wrapper.cfbundle; includeInIndex = 0; path = WingMate_iOSUITests.xctest; sourceTree = BUILT_PRODUCTS_DIR; };
		882EDB522532230A009E8C46 /* WingMate_iOSUITests.swift */ = {isa = PBXFileReference; lastKnownFileType = sourcecode.swift; path = WingMate_iOSUITests.swift; sourceTree = "<group>"; };
		882EDB542532230A009E8C46 /* Info.plist */ = {isa = PBXFileReference; lastKnownFileType = text.plist.xml; path = Info.plist; sourceTree = "<group>"; };
		FA285E92253B663100A5303E /* SplashVC.swift */ = {isa = PBXFileReference; lastKnownFileType = sourcecode.swift; path = SplashVC.swift; sourceTree = "<group>"; };
		FA285E93253B663100A5303E /* SplashVC.xib */ = {isa = PBXFileReference; lastKnownFileType = file.xib; path = SplashVC.xib; sourceTree = "<group>"; };
		FA285EB0253B721600A5303E /* DecideLoginRegisterVC.swift */ = {isa = PBXFileReference; lastKnownFileType = sourcecode.swift; path = DecideLoginRegisterVC.swift; sourceTree = "<group>"; };
		FA285EB1253B721600A5303E /* DecideLoginRegisterVC.xib */ = {isa = PBXFileReference; lastKnownFileType = file.xib; path = DecideLoginRegisterVC.xib; sourceTree = "<group>"; };
		FA285EBD253B842400A5303E /* UITextField-Extension.swift */ = {isa = PBXFileReference; lastKnownFileType = sourcecode.swift; path = "UITextField-Extension.swift"; sourceTree = "<group>"; };
		FA9EFD222537793700A1ED1C /* Strings.swift */ = {isa = PBXFileReference; fileEncoding = 4; lastKnownFileType = sourcecode.swift; path = Strings.swift; sourceTree = "<group>"; };
		FA9EFD232537793700A1ED1C /* Utilities.swift */ = {isa = PBXFileReference; fileEncoding = 4; lastKnownFileType = sourcecode.swift; path = Utilities.swift; sourceTree = "<group>"; };
		FA9EFD242537793700A1ED1C /* GlobalVariables.swift */ = {isa = PBXFileReference; fileEncoding = 4; lastKnownFileType = sourcecode.swift; path = GlobalVariables.swift; sourceTree = "<group>"; };
		FA9EFD262537793700A1ED1C /* Enums.swift */ = {isa = PBXFileReference; fileEncoding = 4; lastKnownFileType = sourcecode.swift; path = Enums.swift; sourceTree = "<group>"; };
		FA9EFD33253779DC00A1ED1C /* String-Extension.swift */ = {isa = PBXFileReference; fileEncoding = 4; lastKnownFileType = sourcecode.swift; path = "String-Extension.swift"; sourceTree = "<group>"; };
		FA9EFD34253779DC00A1ED1C /* NSObject-Extension.swift */ = {isa = PBXFileReference; fileEncoding = 4; lastKnownFileType = sourcecode.swift; path = "NSObject-Extension.swift"; sourceTree = "<group>"; };
		FA9EFD35253779DC00A1ED1C /* UIColor-Extension.swift */ = {isa = PBXFileReference; fileEncoding = 4; lastKnownFileType = sourcecode.swift; path = "UIColor-Extension.swift"; sourceTree = "<group>"; };
		FA9EFD36253779DC00A1ED1C /* UIView-Extension.swift */ = {isa = PBXFileReference; fileEncoding = 4; lastKnownFileType = sourcecode.swift; path = "UIView-Extension.swift"; sourceTree = "<group>"; };
		FA9EFD37253779DD00A1ED1C /* UIButton-Extension.swift */ = {isa = PBXFileReference; fileEncoding = 4; lastKnownFileType = sourcecode.swift; path = "UIButton-Extension.swift"; sourceTree = "<group>"; };
		FA9EFD38253779DD00A1ED1C /* UIApplication-Extension.swift */ = {isa = PBXFileReference; fileEncoding = 4; lastKnownFileType = sourcecode.swift; path = "UIApplication-Extension.swift"; sourceTree = "<group>"; };
		FA9EFD39253779DD00A1ED1C /* UILabel-Extension.swift */ = {isa = PBXFileReference; fileEncoding = 4; lastKnownFileType = sourcecode.swift; path = "UILabel-Extension.swift"; sourceTree = "<group>"; };
		FA9EFD3A253779DD00A1ED1C /* DateTime-Extension.swift */ = {isa = PBXFileReference; fileEncoding = 4; lastKnownFileType = sourcecode.swift; path = "DateTime-Extension.swift"; sourceTree = "<group>"; };
		FA9EFD3B253779DD00A1ED1C /* UIViewController-Extension.swift */ = {isa = PBXFileReference; fileEncoding = 4; lastKnownFileType = sourcecode.swift; path = "UIViewController-Extension.swift"; sourceTree = "<group>"; };
		FA9EFD3C253779DD00A1ED1C /* FileManager-Extension.swift */ = {isa = PBXFileReference; fileEncoding = 4; lastKnownFileType = sourcecode.swift; path = "FileManager-Extension.swift"; sourceTree = "<group>"; };
		FA9EFD3D253779DD00A1ED1C /* URL-Extension.swift */ = {isa = PBXFileReference; fileEncoding = 4; lastKnownFileType = sourcecode.swift; path = "URL-Extension.swift"; sourceTree = "<group>"; };
		FA9EFD3E253779DD00A1ED1C /* ImagePicker-Extension.swift */ = {isa = PBXFileReference; fileEncoding = 4; lastKnownFileType = sourcecode.swift; path = "ImagePicker-Extension.swift"; sourceTree = "<group>"; };
		FA9EFD3F253779DD00A1ED1C /* UITableView-Extension.swift */ = {isa = PBXFileReference; fileEncoding = 4; lastKnownFileType = sourcecode.swift; path = "UITableView-Extension.swift"; sourceTree = "<group>"; };
		FA9EFD40253779DD00A1ED1C /* Double-Extension.swift */ = {isa = PBXFileReference; fileEncoding = 4; lastKnownFileType = sourcecode.swift; path = "Double-Extension.swift"; sourceTree = "<group>"; };
		FA9EFD5325377A3B00A1ED1C /* ApplicationManager.swift */ = {isa = PBXFileReference; fileEncoding = 4; lastKnownFileType = sourcecode.swift; path = ApplicationManager.swift; sourceTree = "<group>"; };
		FA9EFD6F25377B4F00A1ED1C /* LoginAPI.swift */ = {isa = PBXFileReference; lastKnownFileType = sourcecode.swift; path = LoginAPI.swift; sourceTree = "<group>"; };
		FA9EFD7B25377BA200A1ED1C /* BaseTableViewCell.swift */ = {isa = PBXFileReference; fileEncoding = 4; lastKnownFileType = sourcecode.swift; path = BaseTableViewCell.swift; sourceTree = "<group>"; };
		FA9EFD7C25377BA200A1ED1C /* BaseVC.swift */ = {isa = PBXFileReference; fileEncoding = 4; lastKnownFileType = sourcecode.swift; path = BaseVC.swift; sourceTree = "<group>"; };
		FA9EFD7D25377BA200A1ED1C /* BaseCollectionViewCell.swift */ = {isa = PBXFileReference; fileEncoding = 4; lastKnownFileType = sourcecode.swift; path = BaseCollectionViewCell.swift; sourceTree = "<group>"; };
		FA9EFD8825377C4300A1ED1C /* LoginVC.swift */ = {isa = PBXFileReference; lastKnownFileType = sourcecode.swift; path = LoginVC.swift; sourceTree = "<group>"; };
		FA9EFD8925377C4300A1ED1C /* LoginVC.xib */ = {isa = PBXFileReference; lastKnownFileType = file.xib; path = LoginVC.xib; sourceTree = "<group>"; };
		FA9EFDA925377D2100A1ED1C /* User.swift */ = {isa = PBXFileReference; lastKnownFileType = sourcecode.swift; path = User.swift; sourceTree = "<group>"; };
		FA9EFDB125377DA200A1ED1C /* ParseConfiguration.swift */ = {isa = PBXFileReference; lastKnownFileType = sourcecode.swift; path = ParseConfiguration.swift; sourceTree = "<group>"; };
		FA9EFE65253B498400A1ED1C /* Baloo2-Bold.ttf */ = {isa = PBXFileReference; lastKnownFileType = file; path = "Baloo2-Bold.ttf"; sourceTree = "<group>"; };
		FA9EFE6A253B4B8300A1ED1C /* OpenSans-Regular.ttf */ = {isa = PBXFileReference; lastKnownFileType = file; path = "OpenSans-Regular.ttf"; sourceTree = "<group>"; };
		FA9EFE6B253B4B8300A1ED1C /* OpenSans-Bold.ttf */ = {isa = PBXFileReference; lastKnownFileType = file; path = "OpenSans-Bold.ttf"; sourceTree = "<group>"; };
		FAF13CF0253C26B800D1499A /* ForgotPasswordVC.swift */ = {isa = PBXFileReference; lastKnownFileType = sourcecode.swift; path = ForgotPasswordVC.swift; sourceTree = "<group>"; };
		FAF13CF1253C26B800D1499A /* ForgotPasswordVC.xib */ = {isa = PBXFileReference; lastKnownFileType = file.xib; path = ForgotPasswordVC.xib; sourceTree = "<group>"; };
/* End PBXFileReference section */

/* Begin PBXFrameworksBuildPhase section */
		882EDB2A25322306009E8C46 /* Frameworks */ = {
			isa = PBXFrameworksBuildPhase;
			buildActionMask = 2147483647;
			files = (
				4AB0D54D4A473118C96593E1 /* Pods_WingMate_iOS.framework in Frameworks */,
			);
			runOnlyForDeploymentPostprocessing = 0;
		};
		882EDB402532230A009E8C46 /* Frameworks */ = {
			isa = PBXFrameworksBuildPhase;
			buildActionMask = 2147483647;
			files = (
			);
			runOnlyForDeploymentPostprocessing = 0;
		};
		882EDB4B2532230A009E8C46 /* Frameworks */ = {
			isa = PBXFrameworksBuildPhase;
			buildActionMask = 2147483647;
			files = (
			);
			runOnlyForDeploymentPostprocessing = 0;
		};
/* End PBXFrameworksBuildPhase section */

/* Begin PBXGroup section */
		617C04E5A17BB69BA9445ECF /* Pods */ = {
			isa = PBXGroup;
			children = (
				8668EF29CD881BF614A1E3F9 /* Pods-WingMate_iOS.debug.xcconfig */,
				70517DE6A53286DDC37984C3 /* Pods-WingMate_iOS.release.xcconfig */,
			);
			path = Pods;
			sourceTree = "<group>";
		};
		882EDB2425322306009E8C46 = {
			isa = PBXGroup;
			children = (
				882EDB2F25322306009E8C46 /* WingMate_iOS */,
				882EDB462532230A009E8C46 /* WingMate_iOSTests */,
				882EDB512532230A009E8C46 /* WingMate_iOSUITests */,
				882EDB2E25322306009E8C46 /* Products */,
				617C04E5A17BB69BA9445ECF /* Pods */,
				8F3FF096176D80CDB0422DD6 /* Frameworks */,
			);
			sourceTree = "<group>";
		};
		882EDB2E25322306009E8C46 /* Products */ = {
			isa = PBXGroup;
			children = (
				882EDB2D25322306009E8C46 /* WingMate_iOS.app */,
				882EDB432532230A009E8C46 /* WingMate_iOSTests.xctest */,
				882EDB4E2532230A009E8C46 /* WingMate_iOSUITests.xctest */,
			);
			name = Products;
			sourceTree = "<group>";
		};
		882EDB2F25322306009E8C46 /* WingMate_iOS */ = {
			isa = PBXGroup;
			children = (
				FA9EFE64253B496C00A1ED1C /* Resources */,
				FA9EFD212537791700A1ED1C /* Utilities */,
				FA9EFD7A25377B7800A1ED1C /* Base Classes */,
				FA9EFD6025377A9600A1ED1C /* Network Layer */,
				FA9EFD5925377A7700A1ED1C /* Application */,
				FA9EFD5825377A6700A1ED1C /* Storyboards */,
				FA9EFD5225377A1A00A1ED1C /* Managers */,
				FA9EFD32253779BC00A1ED1C /* Extensions */,
				FA9EFD20253774DE00A1ED1C /* View Controllers */,
			);
			path = WingMate_iOS;
			sourceTree = "<group>";
		};
		882EDB462532230A009E8C46 /* WingMate_iOSTests */ = {
			isa = PBXGroup;
			children = (
				882EDB472532230A009E8C46 /* WingMate_iOSTests.swift */,
				882EDB492532230A009E8C46 /* Info.plist */,
			);
			path = WingMate_iOSTests;
			sourceTree = "<group>";
		};
		882EDB512532230A009E8C46 /* WingMate_iOSUITests */ = {
			isa = PBXGroup;
			children = (
				882EDB522532230A009E8C46 /* WingMate_iOSUITests.swift */,
				882EDB542532230A009E8C46 /* Info.plist */,
			);
			path = WingMate_iOSUITests;
			sourceTree = "<group>";
		};
		8F3FF096176D80CDB0422DD6 /* Frameworks */ = {
			isa = PBXGroup;
			children = (
				09B438F8E927009B0A4F30F1 /* Pods_WingMate_iOS.framework */,
			);
			name = Frameworks;
			sourceTree = "<group>";
		};
		FA285E90253B660F00A5303E /* Login VC */ = {
			isa = PBXGroup;
			children = (
				FA9EFD8825377C4300A1ED1C /* LoginVC.swift */,
				FA9EFD8925377C4300A1ED1C /* LoginVC.xib */,
				FA9EFD8425377BEA00A1ED1C /* Login Presenter */,
			);
			path = "Login VC";
			sourceTree = "<group>";
		};
		FA285E91253B661A00A5303E /* Splash VC */ = {
			isa = PBXGroup;
			children = (
				FA285E92253B663100A5303E /* SplashVC.swift */,
				FA285E93253B663100A5303E /* SplashVC.xib */,
			);
			path = "Splash VC";
			sourceTree = "<group>";
		};
		FA285EAF253B71FF00A5303E /* Decide Login Register */ = {
			isa = PBXGroup;
			children = (
				FA285EB0253B721600A5303E /* DecideLoginRegisterVC.swift */,
				FA285EB1253B721600A5303E /* DecideLoginRegisterVC.xib */,
			);
			path = "Decide Login Register";
			sourceTree = "<group>";
		};
		FA9EFD20253774DE00A1ED1C /* View Controllers */ = {
			isa = PBXGroup;
			children = (
				FAF13CEC253C244300D1499A /* Forgot Password */,
				FA285EAF253B71FF00A5303E /* Decide Login Register */,
				FA285E91253B661A00A5303E /* Splash VC */,
				FA285E90253B660F00A5303E /* Login VC */,
			);
			path = "View Controllers";
			sourceTree = "<group>";
		};
		FA9EFD212537791700A1ED1C /* Utilities */ = {
			isa = PBXGroup;
			children = (
				FA9EFD262537793700A1ED1C /* Enums.swift */,
				FA9EFD242537793700A1ED1C /* GlobalVariables.swift */,
				FA9EFD222537793700A1ED1C /* Strings.swift */,
				FA9EFDB125377DA200A1ED1C /* ParseConfiguration.swift */,
				FA9EFD232537793700A1ED1C /* Utilities.swift */,
			);
			path = Utilities;
			sourceTree = "<group>";
		};
		FA9EFD32253779BC00A1ED1C /* Extensions */ = {
			isa = PBXGroup;
			children = (
				FA9EFD3A253779DD00A1ED1C /* DateTime-Extension.swift */,
				FA9EFD40253779DD00A1ED1C /* Double-Extension.swift */,
				FA9EFD3C253779DD00A1ED1C /* FileManager-Extension.swift */,
				FA9EFD3E253779DD00A1ED1C /* ImagePicker-Extension.swift */,
				FA9EFD34253779DC00A1ED1C /* NSObject-Extension.swift */,
				FA9EFD33253779DC00A1ED1C /* String-Extension.swift */,
				FA9EFD38253779DD00A1ED1C /* UIApplication-Extension.swift */,
				FA9EFD37253779DD00A1ED1C /* UIButton-Extension.swift */,
				FA9EFD35253779DC00A1ED1C /* UIColor-Extension.swift */,
				FA9EFD39253779DD00A1ED1C /* UILabel-Extension.swift */,
				FA9EFD3F253779DD00A1ED1C /* UITableView-Extension.swift */,
				FA9EFD36253779DC00A1ED1C /* UIView-Extension.swift */,
				FA9EFD3B253779DD00A1ED1C /* UIViewController-Extension.swift */,
				FA9EFD3D253779DD00A1ED1C /* URL-Extension.swift */,
				FA285EBD253B842400A5303E /* UITextField-Extension.swift */,
			);
			path = Extensions;
			sourceTree = "<group>";
		};
		FA9EFD5225377A1A00A1ED1C /* Managers */ = {
			isa = PBXGroup;
			children = (
				FA9EFD5325377A3B00A1ED1C /* ApplicationManager.swift */,
			);
			path = Managers;
			sourceTree = "<group>";
		};
		FA9EFD5825377A6700A1ED1C /* Storyboards */ = {
			isa = PBXGroup;
			children = (
				882EDB3625322306009E8C46 /* Main.storyboard */,
				882EDB3B2532230A009E8C46 /* LaunchScreen.storyboard */,
			);
			path = Storyboards;
			sourceTree = "<group>";
		};
		FA9EFD5925377A7700A1ED1C /* Application */ = {
			isa = PBXGroup;
			children = (
				882EDB3025322306009E8C46 /* AppDelegate.swift */,
				882EDB392532230A009E8C46 /* Assets.xcassets */,
				882EDB3E2532230A009E8C46 /* Info.plist */,
			);
			path = Application;
			sourceTree = "<group>";
		};
		FA9EFD6025377A9600A1ED1C /* Network Layer */ = {
			isa = PBXGroup;
			children = (
				FA9EFD6225377AA900A1ED1C /* Parse API Manager */,
				FA9EFD6125377AA000A1ED1C /* Data Models */,
			);
			path = "Network Layer";
			sourceTree = "<group>";
		};
		FA9EFD6125377AA000A1ED1C /* Data Models */ = {
			isa = PBXGroup;
			children = (
				FA9EFDA925377D2100A1ED1C /* User.swift */,
			);
			path = "Data Models";
			sourceTree = "<group>";
		};
		FA9EFD6225377AA900A1ED1C /* Parse API Manager */ = {
			isa = PBXGroup;
			children = (
				FA9EFD6F25377B4F00A1ED1C /* LoginAPI.swift */,
				52F82BDC253556AD004AF1ED /* RegisterAPI.swift */,
			);
			path = "Parse API Manager";
			sourceTree = "<group>";
		};
		FA9EFD7A25377B7800A1ED1C /* Base Classes */ = {
			isa = PBXGroup;
			children = (
				FA9EFD7D25377BA200A1ED1C /* BaseCollectionViewCell.swift */,
				FA9EFD7B25377BA200A1ED1C /* BaseTableViewCell.swift */,
				FA9EFD7C25377BA200A1ED1C /* BaseVC.swift */,
			);
			path = "Base Classes";
			sourceTree = "<group>";
		};
		FA9EFD8425377BEA00A1ED1C /* Login Presenter */ = {
			isa = PBXGroup;
			children = (
			);
			path = "Login Presenter";
			sourceTree = "<group>";
		};
		FA9EFE64253B496C00A1ED1C /* Resources */ = {
			isa = PBXGroup;
			children = (
				FA9EFE6B253B4B8300A1ED1C /* OpenSans-Bold.ttf */,
				FA9EFE6A253B4B8300A1ED1C /* OpenSans-Regular.ttf */,
				FA9EFE65253B498400A1ED1C /* Baloo2-Bold.ttf */,
			);
			path = Resources;
			sourceTree = "<group>";
		};
		FAF13CEC253C244300D1499A /* Forgot Password */ = {
			isa = PBXGroup;
			children = (
				FAF13CF0253C26B800D1499A /* ForgotPasswordVC.swift */,
				FAF13CF1253C26B800D1499A /* ForgotPasswordVC.xib */,
			);
			path = "Forgot Password";
			sourceTree = "<group>";
		};
/* End PBXGroup section */

/* Begin PBXNativeTarget section */
		882EDB2C25322306009E8C46 /* WingMate_iOS */ = {
			isa = PBXNativeTarget;
			buildConfigurationList = 882EDB572532230A009E8C46 /* Build configuration list for PBXNativeTarget "WingMate_iOS" */;
			buildPhases = (
				C69BB5BC682C865F17DBCE25 /* [CP] Check Pods Manifest.lock */,
				882EDB2925322306009E8C46 /* Sources */,
				882EDB2A25322306009E8C46 /* Frameworks */,
				882EDB2B25322306009E8C46 /* Resources */,
				C45D32FC43E3D3B11002F1B8 /* [CP] Embed Pods Frameworks */,
			);
			buildRules = (
			);
			dependencies = (
			);
			name = WingMate_iOS;
			productName = WingMate_iOS;
			productReference = 882EDB2D25322306009E8C46 /* WingMate_iOS.app */;
			productType = "com.apple.product-type.application";
		};
		882EDB422532230A009E8C46 /* WingMate_iOSTests */ = {
			isa = PBXNativeTarget;
			buildConfigurationList = 882EDB5A2532230A009E8C46 /* Build configuration list for PBXNativeTarget "WingMate_iOSTests" */;
			buildPhases = (
				882EDB3F2532230A009E8C46 /* Sources */,
				882EDB402532230A009E8C46 /* Frameworks */,
				882EDB412532230A009E8C46 /* Resources */,
			);
			buildRules = (
			);
			dependencies = (
				882EDB452532230A009E8C46 /* PBXTargetDependency */,
			);
			name = WingMate_iOSTests;
			productName = WingMate_iOSTests;
			productReference = 882EDB432532230A009E8C46 /* WingMate_iOSTests.xctest */;
			productType = "com.apple.product-type.bundle.unit-test";
		};
		882EDB4D2532230A009E8C46 /* WingMate_iOSUITests */ = {
			isa = PBXNativeTarget;
			buildConfigurationList = 882EDB5D2532230A009E8C46 /* Build configuration list for PBXNativeTarget "WingMate_iOSUITests" */;
			buildPhases = (
				882EDB4A2532230A009E8C46 /* Sources */,
				882EDB4B2532230A009E8C46 /* Frameworks */,
				882EDB4C2532230A009E8C46 /* Resources */,
			);
			buildRules = (
			);
			dependencies = (
				882EDB502532230A009E8C46 /* PBXTargetDependency */,
			);
			name = WingMate_iOSUITests;
			productName = WingMate_iOSUITests;
			productReference = 882EDB4E2532230A009E8C46 /* WingMate_iOSUITests.xctest */;
			productType = "com.apple.product-type.bundle.ui-testing";
		};
/* End PBXNativeTarget section */

/* Begin PBXProject section */
		882EDB2525322306009E8C46 /* Project object */ = {
			isa = PBXProject;
			attributes = {
				LastSwiftUpdateCheck = 1200;
				LastUpgradeCheck = 1200;
				TargetAttributes = {
					882EDB2C25322306009E8C46 = {
						CreatedOnToolsVersion = 12.0.1;
					};
					882EDB422532230A009E8C46 = {
						CreatedOnToolsVersion = 12.0.1;
						TestTargetID = 882EDB2C25322306009E8C46;
					};
					882EDB4D2532230A009E8C46 = {
						CreatedOnToolsVersion = 12.0.1;
						TestTargetID = 882EDB2C25322306009E8C46;
					};
				};
			};
			buildConfigurationList = 882EDB2825322306009E8C46 /* Build configuration list for PBXProject "WingMate_iOS" */;
			compatibilityVersion = "Xcode 9.3";
			developmentRegion = en;
			hasScannedForEncodings = 0;
			knownRegions = (
				en,
				Base,
			);
			mainGroup = 882EDB2425322306009E8C46;
			productRefGroup = 882EDB2E25322306009E8C46 /* Products */;
			projectDirPath = "";
			projectRoot = "";
			targets = (
				882EDB2C25322306009E8C46 /* WingMate_iOS */,
				882EDB422532230A009E8C46 /* WingMate_iOSTests */,
				882EDB4D2532230A009E8C46 /* WingMate_iOSUITests */,
			);
		};
/* End PBXProject section */

/* Begin PBXResourcesBuildPhase section */
		882EDB2B25322306009E8C46 /* Resources */ = {
			isa = PBXResourcesBuildPhase;
			buildActionMask = 2147483647;
			files = (
				882EDB3D2532230A009E8C46 /* LaunchScreen.storyboard in Resources */,
				FA285E95253B663100A5303E /* SplashVC.xib in Resources */,
				FAF13CF3253C26B800D1499A /* ForgotPasswordVC.xib in Resources */,
				FA9EFE6D253B4B8300A1ED1C /* OpenSans-Bold.ttf in Resources */,
				882EDB3A2532230A009E8C46 /* Assets.xcassets in Resources */,
				FA9EFD8B25377C4300A1ED1C /* LoginVC.xib in Resources */,
				882EDB3825322306009E8C46 /* Main.storyboard in Resources */,
				FA9EFE6C253B4B8300A1ED1C /* OpenSans-Regular.ttf in Resources */,
				FA9EFE66253B498400A1ED1C /* Baloo2-Bold.ttf in Resources */,
				FA285EB3253B721600A5303E /* DecideLoginRegisterVC.xib in Resources */,
			);
			runOnlyForDeploymentPostprocessing = 0;
		};
		882EDB412532230A009E8C46 /* Resources */ = {
			isa = PBXResourcesBuildPhase;
			buildActionMask = 2147483647;
			files = (
			);
			runOnlyForDeploymentPostprocessing = 0;
		};
		882EDB4C2532230A009E8C46 /* Resources */ = {
			isa = PBXResourcesBuildPhase;
			buildActionMask = 2147483647;
			files = (
			);
			runOnlyForDeploymentPostprocessing = 0;
		};
/* End PBXResourcesBuildPhase section */

/* Begin PBXShellScriptBuildPhase section */
		C45D32FC43E3D3B11002F1B8 /* [CP] Embed Pods Frameworks */ = {
			isa = PBXShellScriptBuildPhase;
			buildActionMask = 2147483647;
			files = (
			);
			inputFileListPaths = (
				"${PODS_ROOT}/Target Support Files/Pods-WingMate_iOS/Pods-WingMate_iOS-frameworks-${CONFIGURATION}-input-files.xcfilelist",
			);
			name = "[CP] Embed Pods Frameworks";
			outputFileListPaths = (
				"${PODS_ROOT}/Target Support Files/Pods-WingMate_iOS/Pods-WingMate_iOS-frameworks-${CONFIGURATION}-output-files.xcfilelist",
			);
			runOnlyForDeploymentPostprocessing = 0;
			shellPath = /bin/sh;
			shellScript = "\"${PODS_ROOT}/Target Support Files/Pods-WingMate_iOS/Pods-WingMate_iOS-frameworks.sh\"\n";
			showEnvVarsInLog = 0;
		};
		C69BB5BC682C865F17DBCE25 /* [CP] Check Pods Manifest.lock */ = {
			isa = PBXShellScriptBuildPhase;
			buildActionMask = 2147483647;
			files = (
			);
			inputFileListPaths = (
			);
			inputPaths = (
				"${PODS_PODFILE_DIR_PATH}/Podfile.lock",
				"${PODS_ROOT}/Manifest.lock",
			);
			name = "[CP] Check Pods Manifest.lock";
			outputFileListPaths = (
			);
			outputPaths = (
				"$(DERIVED_FILE_DIR)/Pods-WingMate_iOS-checkManifestLockResult.txt",
			);
			runOnlyForDeploymentPostprocessing = 0;
			shellPath = /bin/sh;
			shellScript = "diff \"${PODS_PODFILE_DIR_PATH}/Podfile.lock\" \"${PODS_ROOT}/Manifest.lock\" > /dev/null\nif [ $? != 0 ] ; then\n    # print error to STDERR\n    echo \"error: The sandbox is not in sync with the Podfile.lock. Run 'pod install' or update your CocoaPods installation.\" >&2\n    exit 1\nfi\n# This output is used by Xcode 'outputs' to avoid re-running this script phase.\necho \"SUCCESS\" > \"${SCRIPT_OUTPUT_FILE_0}\"\n";
			showEnvVarsInLog = 0;
		};
/* End PBXShellScriptBuildPhase section */

/* Begin PBXSourcesBuildPhase section */
		882EDB2925322306009E8C46 /* Sources */ = {
			isa = PBXSourcesBuildPhase;
			buildActionMask = 2147483647;
			files = (
				FA9EFD8025377BA200A1ED1C /* BaseCollectionViewCell.swift in Sources */,
				FA9EFD45253779DD00A1ED1C /* UIButton-Extension.swift in Sources */,
				FA9EFD8A25377C4300A1ED1C /* LoginVC.swift in Sources */,
				FA9EFDB225377DA200A1ED1C /* ParseConfiguration.swift in Sources */,
				FA9EFD44253779DD00A1ED1C /* UIView-Extension.swift in Sources */,
				FA9EFD43253779DD00A1ED1C /* UIColor-Extension.swift in Sources */,
				FA9EFD7F25377BA200A1ED1C /* BaseVC.swift in Sources */,
				52F82BDD253556AD004AF1ED /* RegisterAPI.swift in Sources */,
				FA9EFD42253779DD00A1ED1C /* NSObject-Extension.swift in Sources */,
				FA9EFD4A253779DD00A1ED1C /* FileManager-Extension.swift in Sources */,
				FA9EFD2B2537793700A1ED1C /* Enums.swift in Sources */,
				FA285EBE253B842400A5303E /* UITextField-Extension.swift in Sources */,
				FA285EB2253B721600A5303E /* DecideLoginRegisterVC.swift in Sources */,
				FA9EFD292537793700A1ED1C /* GlobalVariables.swift in Sources */,
				FAF13CF2253C26B800D1499A /* ForgotPasswordVC.swift in Sources */,
				FA9EFD7025377B4F00A1ED1C /* LoginAPI.swift in Sources */,
				FA285E94253B663100A5303E /* SplashVC.swift in Sources */,
				FA9EFD46253779DD00A1ED1C /* UIApplication-Extension.swift in Sources */,
				FA9EFD48253779DD00A1ED1C /* DateTime-Extension.swift in Sources */,
				FA9EFD49253779DD00A1ED1C /* UIViewController-Extension.swift in Sources */,
				FA9EFD4E253779DD00A1ED1C /* Double-Extension.swift in Sources */,
				FA9EFD41253779DD00A1ED1C /* String-Extension.swift in Sources */,
				FA9EFD47253779DD00A1ED1C /* UILabel-Extension.swift in Sources */,
				FA9EFD282537793700A1ED1C /* Utilities.swift in Sources */,
				FA9EFD4C253779DD00A1ED1C /* ImagePicker-Extension.swift in Sources */,
				FA9EFDAA25377D2100A1ED1C /* User.swift in Sources */,
				FA9EFD5425377A3B00A1ED1C /* ApplicationManager.swift in Sources */,
				882EDB3125322306009E8C46 /* AppDelegate.swift in Sources */,
				FA9EFD272537793700A1ED1C /* Strings.swift in Sources */,
				FA9EFD4B253779DD00A1ED1C /* URL-Extension.swift in Sources */,
				FA9EFD7E25377BA200A1ED1C /* BaseTableViewCell.swift in Sources */,
				FA9EFD4D253779DD00A1ED1C /* UITableView-Extension.swift in Sources */,
			);
			runOnlyForDeploymentPostprocessing = 0;
		};
		882EDB3F2532230A009E8C46 /* Sources */ = {
			isa = PBXSourcesBuildPhase;
			buildActionMask = 2147483647;
			files = (
				882EDB482532230A009E8C46 /* WingMate_iOSTests.swift in Sources */,
			);
			runOnlyForDeploymentPostprocessing = 0;
		};
		882EDB4A2532230A009E8C46 /* Sources */ = {
			isa = PBXSourcesBuildPhase;
			buildActionMask = 2147483647;
			files = (
				882EDB532532230A009E8C46 /* WingMate_iOSUITests.swift in Sources */,
			);
			runOnlyForDeploymentPostprocessing = 0;
		};
/* End PBXSourcesBuildPhase section */

/* Begin PBXTargetDependency section */
		882EDB452532230A009E8C46 /* PBXTargetDependency */ = {
			isa = PBXTargetDependency;
			target = 882EDB2C25322306009E8C46 /* WingMate_iOS */;
			targetProxy = 882EDB442532230A009E8C46 /* PBXContainerItemProxy */;
		};
		882EDB502532230A009E8C46 /* PBXTargetDependency */ = {
			isa = PBXTargetDependency;
			target = 882EDB2C25322306009E8C46 /* WingMate_iOS */;
			targetProxy = 882EDB4F2532230A009E8C46 /* PBXContainerItemProxy */;
		};
/* End PBXTargetDependency section */

/* Begin PBXVariantGroup section */
		882EDB3625322306009E8C46 /* Main.storyboard */ = {
			isa = PBXVariantGroup;
			children = (
				882EDB3725322306009E8C46 /* Base */,
			);
			name = Main.storyboard;
			sourceTree = "<group>";
		};
		882EDB3B2532230A009E8C46 /* LaunchScreen.storyboard */ = {
			isa = PBXVariantGroup;
			children = (
				882EDB3C2532230A009E8C46 /* Base */,
			);
			name = LaunchScreen.storyboard;
			sourceTree = "<group>";
		};
/* End PBXVariantGroup section */

/* Begin XCBuildConfiguration section */
		882EDB552532230A009E8C46 /* Debug */ = {
			isa = XCBuildConfiguration;
			buildSettings = {
				ALWAYS_SEARCH_USER_PATHS = NO;
				CLANG_ANALYZER_NONNULL = YES;
				CLANG_ANALYZER_NUMBER_OBJECT_CONVERSION = YES_AGGRESSIVE;
				CLANG_CXX_LANGUAGE_STANDARD = "gnu++14";
				CLANG_CXX_LIBRARY = "libc++";
				CLANG_ENABLE_MODULES = YES;
				CLANG_ENABLE_OBJC_ARC = YES;
				CLANG_ENABLE_OBJC_WEAK = YES;
				CLANG_WARN_BLOCK_CAPTURE_AUTORELEASING = YES;
				CLANG_WARN_BOOL_CONVERSION = YES;
				CLANG_WARN_COMMA = YES;
				CLANG_WARN_CONSTANT_CONVERSION = YES;
				CLANG_WARN_DEPRECATED_OBJC_IMPLEMENTATIONS = YES;
				CLANG_WARN_DIRECT_OBJC_ISA_USAGE = YES_ERROR;
				CLANG_WARN_DOCUMENTATION_COMMENTS = YES;
				CLANG_WARN_EMPTY_BODY = YES;
				CLANG_WARN_ENUM_CONVERSION = YES;
				CLANG_WARN_INFINITE_RECURSION = YES;
				CLANG_WARN_INT_CONVERSION = YES;
				CLANG_WARN_NON_LITERAL_NULL_CONVERSION = YES;
				CLANG_WARN_OBJC_IMPLICIT_RETAIN_SELF = YES;
				CLANG_WARN_OBJC_LITERAL_CONVERSION = YES;
				CLANG_WARN_OBJC_ROOT_CLASS = YES_ERROR;
				CLANG_WARN_QUOTED_INCLUDE_IN_FRAMEWORK_HEADER = YES;
				CLANG_WARN_RANGE_LOOP_ANALYSIS = YES;
				CLANG_WARN_STRICT_PROTOTYPES = YES;
				CLANG_WARN_SUSPICIOUS_MOVE = YES;
				CLANG_WARN_UNGUARDED_AVAILABILITY = YES_AGGRESSIVE;
				CLANG_WARN_UNREACHABLE_CODE = YES;
				CLANG_WARN__DUPLICATE_METHOD_MATCH = YES;
				COPY_PHASE_STRIP = NO;
				DEBUG_INFORMATION_FORMAT = dwarf;
				ENABLE_STRICT_OBJC_MSGSEND = YES;
				ENABLE_TESTABILITY = YES;
				GCC_C_LANGUAGE_STANDARD = gnu11;
				GCC_DYNAMIC_NO_PIC = NO;
				GCC_NO_COMMON_BLOCKS = YES;
				GCC_OPTIMIZATION_LEVEL = 0;
				GCC_PREPROCESSOR_DEFINITIONS = (
					"DEBUG=1",
					"$(inherited)",
				);
				GCC_WARN_64_TO_32_BIT_CONVERSION = YES;
				GCC_WARN_ABOUT_RETURN_TYPE = YES_ERROR;
				GCC_WARN_UNDECLARED_SELECTOR = YES;
				GCC_WARN_UNINITIALIZED_AUTOS = YES_AGGRESSIVE;
				GCC_WARN_UNUSED_FUNCTION = YES;
				GCC_WARN_UNUSED_VARIABLE = YES;
				IPHONEOS_DEPLOYMENT_TARGET = 12.0;
				MTL_ENABLE_DEBUG_INFO = INCLUDE_SOURCE;
				MTL_FAST_MATH = YES;
				ONLY_ACTIVE_ARCH = YES;
				SDKROOT = iphoneos;
				SWIFT_ACTIVE_COMPILATION_CONDITIONS = DEBUG;
				SWIFT_OPTIMIZATION_LEVEL = "-Onone";
			};
			name = Debug;
		};
		882EDB562532230A009E8C46 /* Release */ = {
			isa = XCBuildConfiguration;
			buildSettings = {
				ALWAYS_SEARCH_USER_PATHS = NO;
				CLANG_ANALYZER_NONNULL = YES;
				CLANG_ANALYZER_NUMBER_OBJECT_CONVERSION = YES_AGGRESSIVE;
				CLANG_CXX_LANGUAGE_STANDARD = "gnu++14";
				CLANG_CXX_LIBRARY = "libc++";
				CLANG_ENABLE_MODULES = YES;
				CLANG_ENABLE_OBJC_ARC = YES;
				CLANG_ENABLE_OBJC_WEAK = YES;
				CLANG_WARN_BLOCK_CAPTURE_AUTORELEASING = YES;
				CLANG_WARN_BOOL_CONVERSION = YES;
				CLANG_WARN_COMMA = YES;
				CLANG_WARN_CONSTANT_CONVERSION = YES;
				CLANG_WARN_DEPRECATED_OBJC_IMPLEMENTATIONS = YES;
				CLANG_WARN_DIRECT_OBJC_ISA_USAGE = YES_ERROR;
				CLANG_WARN_DOCUMENTATION_COMMENTS = YES;
				CLANG_WARN_EMPTY_BODY = YES;
				CLANG_WARN_ENUM_CONVERSION = YES;
				CLANG_WARN_INFINITE_RECURSION = YES;
				CLANG_WARN_INT_CONVERSION = YES;
				CLANG_WARN_NON_LITERAL_NULL_CONVERSION = YES;
				CLANG_WARN_OBJC_IMPLICIT_RETAIN_SELF = YES;
				CLANG_WARN_OBJC_LITERAL_CONVERSION = YES;
				CLANG_WARN_OBJC_ROOT_CLASS = YES_ERROR;
				CLANG_WARN_QUOTED_INCLUDE_IN_FRAMEWORK_HEADER = YES;
				CLANG_WARN_RANGE_LOOP_ANALYSIS = YES;
				CLANG_WARN_STRICT_PROTOTYPES = YES;
				CLANG_WARN_SUSPICIOUS_MOVE = YES;
				CLANG_WARN_UNGUARDED_AVAILABILITY = YES_AGGRESSIVE;
				CLANG_WARN_UNREACHABLE_CODE = YES;
				CLANG_WARN__DUPLICATE_METHOD_MATCH = YES;
				COPY_PHASE_STRIP = NO;
				DEBUG_INFORMATION_FORMAT = "dwarf-with-dsym";
				ENABLE_NS_ASSERTIONS = NO;
				ENABLE_STRICT_OBJC_MSGSEND = YES;
				GCC_C_LANGUAGE_STANDARD = gnu11;
				GCC_NO_COMMON_BLOCKS = YES;
				GCC_WARN_64_TO_32_BIT_CONVERSION = YES;
				GCC_WARN_ABOUT_RETURN_TYPE = YES_ERROR;
				GCC_WARN_UNDECLARED_SELECTOR = YES;
				GCC_WARN_UNINITIALIZED_AUTOS = YES_AGGRESSIVE;
				GCC_WARN_UNUSED_FUNCTION = YES;
				GCC_WARN_UNUSED_VARIABLE = YES;
				IPHONEOS_DEPLOYMENT_TARGET = 12.0;
				MTL_ENABLE_DEBUG_INFO = NO;
				MTL_FAST_MATH = YES;
				SDKROOT = iphoneos;
				SWIFT_COMPILATION_MODE = wholemodule;
				SWIFT_OPTIMIZATION_LEVEL = "-O";
				VALIDATE_PRODUCT = YES;
			};
			name = Release;
		};
		882EDB582532230A009E8C46 /* Debug */ = {
			isa = XCBuildConfiguration;
			baseConfigurationReference = 8668EF29CD881BF614A1E3F9 /* Pods-WingMate_iOS.debug.xcconfig */;
			buildSettings = {
				ASSETCATALOG_COMPILER_APPICON_NAME = AppIcon;
				ASSETCATALOG_COMPILER_GLOBAL_ACCENT_COLOR_NAME = AccentColor;
				CODE_SIGN_STYLE = Manual;
				DEVELOPMENT_TEAM = "";
				INFOPLIST_FILE = "$(SRCROOT)/WingMate_iOS/Application/Info.plist";
				LD_RUNPATH_SEARCH_PATHS = (
					"$(inherited)",
					"@executable_path/Frameworks",
				);
				PRODUCT_BUNDLE_IDENTIFIER = "WingMate.WingMate-iOS";
				PRODUCT_NAME = "$(TARGET_NAME)";
				PROVISIONING_PROFILE_SPECIFIER = "";
				SWIFT_VERSION = 5.0;
				TARGETED_DEVICE_FAMILY = 1;
			};
			name = Debug;
		};
		882EDB592532230A009E8C46 /* Release */ = {
			isa = XCBuildConfiguration;
			baseConfigurationReference = 70517DE6A53286DDC37984C3 /* Pods-WingMate_iOS.release.xcconfig */;
			buildSettings = {
				ASSETCATALOG_COMPILER_APPICON_NAME = AppIcon;
				ASSETCATALOG_COMPILER_GLOBAL_ACCENT_COLOR_NAME = AccentColor;
				CODE_SIGN_STYLE = Manual;
				DEVELOPMENT_TEAM = "";
				INFOPLIST_FILE = "$(SRCROOT)/WingMate_iOS/Application/Info.plist";
				LD_RUNPATH_SEARCH_PATHS = (
					"$(inherited)",
					"@executable_path/Frameworks",
				);
				PRODUCT_BUNDLE_IDENTIFIER = "WingMate.WingMate-iOS";
				PRODUCT_NAME = "$(TARGET_NAME)";
				PROVISIONING_PROFILE_SPECIFIER = "";
				SWIFT_VERSION = 5.0;
				TARGETED_DEVICE_FAMILY = 1;
			};
			name = Release;
		};
		882EDB5B2532230A009E8C46 /* Debug */ = {
			isa = XCBuildConfiguration;
			buildSettings = {
				ALWAYS_EMBED_SWIFT_STANDARD_LIBRARIES = YES;
				BUNDLE_LOADER = "$(TEST_HOST)";
				CODE_SIGN_STYLE = Automatic;
				INFOPLIST_FILE = WingMate_iOSTests/Info.plist;
				IPHONEOS_DEPLOYMENT_TARGET = 14.0;
				LD_RUNPATH_SEARCH_PATHS = (
					"$(inherited)",
					"@executable_path/Frameworks",
					"@loader_path/Frameworks",
				);
				PRODUCT_BUNDLE_IDENTIFIER = "WingMate.WingMate-iOSTests";
				PRODUCT_NAME = "$(TARGET_NAME)";
				SWIFT_VERSION = 5.0;
				TARGETED_DEVICE_FAMILY = "1,2";
				TEST_HOST = "$(BUILT_PRODUCTS_DIR)/WingMate_iOS.app/WingMate_iOS";
			};
			name = Debug;
		};
		882EDB5C2532230A009E8C46 /* Release */ = {
			isa = XCBuildConfiguration;
			buildSettings = {
				ALWAYS_EMBED_SWIFT_STANDARD_LIBRARIES = YES;
				BUNDLE_LOADER = "$(TEST_HOST)";
				CODE_SIGN_STYLE = Automatic;
				INFOPLIST_FILE = WingMate_iOSTests/Info.plist;
				IPHONEOS_DEPLOYMENT_TARGET = 14.0;
				LD_RUNPATH_SEARCH_PATHS = (
					"$(inherited)",
					"@executable_path/Frameworks",
					"@loader_path/Frameworks",
				);
				PRODUCT_BUNDLE_IDENTIFIER = "WingMate.WingMate-iOSTests";
				PRODUCT_NAME = "$(TARGET_NAME)";
				SWIFT_VERSION = 5.0;
				TARGETED_DEVICE_FAMILY = "1,2";
				TEST_HOST = "$(BUILT_PRODUCTS_DIR)/WingMate_iOS.app/WingMate_iOS";
			};
			name = Release;
		};
		882EDB5E2532230A009E8C46 /* Debug */ = {
			isa = XCBuildConfiguration;
			buildSettings = {
				ALWAYS_EMBED_SWIFT_STANDARD_LIBRARIES = YES;
				CODE_SIGN_STYLE = Automatic;
				INFOPLIST_FILE = WingMate_iOSUITests/Info.plist;
				LD_RUNPATH_SEARCH_PATHS = (
					"$(inherited)",
					"@executable_path/Frameworks",
					"@loader_path/Frameworks",
				);
				PRODUCT_BUNDLE_IDENTIFIER = "WingMate.WingMate-iOSUITests";
				PRODUCT_NAME = "$(TARGET_NAME)";
				SWIFT_VERSION = 5.0;
				TARGETED_DEVICE_FAMILY = "1,2";
				TEST_TARGET_NAME = WingMate_iOS;
			};
			name = Debug;
		};
		882EDB5F2532230A009E8C46 /* Release */ = {
			isa = XCBuildConfiguration;
			buildSettings = {
				ALWAYS_EMBED_SWIFT_STANDARD_LIBRARIES = YES;
				CODE_SIGN_STYLE = Automatic;
				INFOPLIST_FILE = WingMate_iOSUITests/Info.plist;
				LD_RUNPATH_SEARCH_PATHS = (
					"$(inherited)",
					"@executable_path/Frameworks",
					"@loader_path/Frameworks",
				);
				PRODUCT_BUNDLE_IDENTIFIER = "WingMate.WingMate-iOSUITests";
				PRODUCT_NAME = "$(TARGET_NAME)";
				SWIFT_VERSION = 5.0;
				TARGETED_DEVICE_FAMILY = "1,2";
				TEST_TARGET_NAME = WingMate_iOS;
			};
			name = Release;
		};
/* End XCBuildConfiguration section */

/* Begin XCConfigurationList section */
		882EDB2825322306009E8C46 /* Build configuration list for PBXProject "WingMate_iOS" */ = {
			isa = XCConfigurationList;
			buildConfigurations = (
				882EDB552532230A009E8C46 /* Debug */,
				882EDB562532230A009E8C46 /* Release */,
			);
			defaultConfigurationIsVisible = 0;
			defaultConfigurationName = Release;
		};
		882EDB572532230A009E8C46 /* Build configuration list for PBXNativeTarget "WingMate_iOS" */ = {
			isa = XCConfigurationList;
			buildConfigurations = (
				882EDB582532230A009E8C46 /* Debug */,
				882EDB592532230A009E8C46 /* Release */,
			);
			defaultConfigurationIsVisible = 0;
			defaultConfigurationName = Release;
		};
		882EDB5A2532230A009E8C46 /* Build configuration list for PBXNativeTarget "WingMate_iOSTests" */ = {
			isa = XCConfigurationList;
			buildConfigurations = (
				882EDB5B2532230A009E8C46 /* Debug */,
				882EDB5C2532230A009E8C46 /* Release */,
			);
			defaultConfigurationIsVisible = 0;
			defaultConfigurationName = Release;
		};
		882EDB5D2532230A009E8C46 /* Build configuration list for PBXNativeTarget "WingMate_iOSUITests" */ = {
			isa = XCConfigurationList;
			buildConfigurations = (
				882EDB5E2532230A009E8C46 /* Debug */,
				882EDB5F2532230A009E8C46 /* Release */,
			);
			defaultConfigurationIsVisible = 0;
			defaultConfigurationName = Release;
		};
/* End XCConfigurationList section */
	};
	rootObject = 882EDB2525322306009E8C46 /* Project object */;
}
