// !$*UTF8*$!
{
	archiveVersion = 1;
	classes = {
	};
	objectVersion = 51;
	objects = {

/* Begin PBXBuildFile section */
		04FFB7EB260D04FD000CA37D /* SliderTableViewCell.swift in Sources */ = {isa = PBXBuildFile; fileRef = 04FFB7E9260D04FD000CA37D /* SliderTableViewCell.swift */; };
		04FFB7EC260D04FD000CA37D /* SliderTableViewCell.xib in Resources */ = {isa = PBXBuildFile; fileRef = 04FFB7EA260D04FD000CA37D /* SliderTableViewCell.xib */; };
		4AB0D54D4A473118C96593E1 /* Pods_WingMate_iOS.framework in Frameworks */ = {isa = PBXBuildFile; fileRef = 09B438F8E927009B0A4F30F1 /* Pods_WingMate_iOS.framework */; };
		52A35B54254C9F0D00D1A56A /* ParseAPIManager.swift in Sources */ = {isa = PBXBuildFile; fileRef = 52A35B53254C9F0D00D1A56A /* ParseAPIManager.swift */; };
		882EDB3125322306009E8C46 /* AppDelegate.swift in Sources */ = {isa = PBXBuildFile; fileRef = 882EDB3025322306009E8C46 /* AppDelegate.swift */; };
		882EDB3825322306009E8C46 /* Main.storyboard in Resources */ = {isa = PBXBuildFile; fileRef = 882EDB3625322306009E8C46 /* Main.storyboard */; };
		882EDB3A2532230A009E8C46 /* Assets.xcassets in Resources */ = {isa = PBXBuildFile; fileRef = 882EDB392532230A009E8C46 /* Assets.xcassets */; };
		882EDB3D2532230A009E8C46 /* LaunchScreen.storyboard in Resources */ = {isa = PBXBuildFile; fileRef = 882EDB3B2532230A009E8C46 /* LaunchScreen.storyboard */; };
		882EDB482532230A009E8C46 /* WingMate_iOSTests.swift in Sources */ = {isa = PBXBuildFile; fileRef = 882EDB472532230A009E8C46 /* WingMate_iOSTests.swift */; };
		882EDB532532230A009E8C46 /* WingMate_iOSUITests.swift in Sources */ = {isa = PBXBuildFile; fileRef = 882EDB522532230A009E8C46 /* WingMate_iOSUITests.swift */; };
		FA00F0B625DBD0DD00D38E88 /* FansVC.swift in Sources */ = {isa = PBXBuildFile; fileRef = FA00F0B525DBD0DD00D38E88 /* FansVC.swift */; };
		FA00F0BC25DBD11E00D38E88 /* ChatVC.swift in Sources */ = {isa = PBXBuildFile; fileRef = FA00F0BB25DBD11E00D38E88 /* ChatVC.swift */; };
		FA06695725B686D900D0786E /* EditProfilePresenter.swift in Sources */ = {isa = PBXBuildFile; fileRef = FA06695625B686D900D0786E /* EditProfilePresenter.swift */; };
		FA0669BE25B6B53B00D0786E /* EditProfileUserQuestionTableViewCell.swift in Sources */ = {isa = PBXBuildFile; fileRef = FA0669BC25B6B53B00D0786E /* EditProfileUserQuestionTableViewCell.swift */; };
		FA0669BF25B6B53B00D0786E /* EditProfileUserQuestionTableViewCell.xib in Resources */ = {isa = PBXBuildFile; fileRef = FA0669BD25B6B53B00D0786E /* EditProfileUserQuestionTableViewCell.xib */; };
		FA0669D225B6DF6D00D0786E /* OptionSelectionVC.swift in Sources */ = {isa = PBXBuildFile; fileRef = FA0669D025B6DF6D00D0786E /* OptionSelectionVC.swift */; };
		FA0669D325B6DF6D00D0786E /* OptionSelectionVC.xib in Resources */ = {isa = PBXBuildFile; fileRef = FA0669D125B6DF6D00D0786E /* OptionSelectionVC.xib */; };
		FA0669E025B7CE5700D0786E /* EditNameVC.swift in Sources */ = {isa = PBXBuildFile; fileRef = FA0669DE25B7CE5700D0786E /* EditNameVC.swift */; };
		FA0669E125B7CE5700D0786E /* EditNameVC.xib in Resources */ = {isa = PBXBuildFile; fileRef = FA0669DF25B7CE5700D0786E /* EditNameVC.xib */; };
		FA0765382594425200D48366 /* TermsConditionsTableViewCell.swift in Sources */ = {isa = PBXBuildFile; fileRef = FA0765362594425200D48366 /* TermsConditionsTableViewCell.swift */; };
		FA0765392594425200D48366 /* TermsConditionsTableViewCell.xib in Resources */ = {isa = PBXBuildFile; fileRef = FA0765372594425200D48366 /* TermsConditionsTableViewCell.xib */; };
		FA0FF3A525DE689A0076C63E /* Info.plist in Resources */ = {isa = PBXBuildFile; fileRef = FA0FF3A425DE689A0076C63E /* Info.plist */; };
		FA192D422551283E005A55DD /* TermsAndConditionsVC.swift in Sources */ = {isa = PBXBuildFile; fileRef = FA192D402551283E005A55DD /* TermsAndConditionsVC.swift */; };
		FA192D432551283E005A55DD /* TermsAndConditionsVC.xib in Resources */ = {isa = PBXBuildFile; fileRef = FA192D412551283E005A55DD /* TermsAndConditionsVC.xib */; };
		FA192D8525514C08005A55DD /* EmailVerificationPresenter.swift in Sources */ = {isa = PBXBuildFile; fileRef = FA192D8425514C08005A55DD /* EmailVerificationPresenter.swift */; };
		FA1C5EF625959645008C7BFE /* UploadPhotoVideoPresenter.swift in Sources */ = {isa = PBXBuildFile; fileRef = FA1C5EF525959645008C7BFE /* UploadPhotoVideoPresenter.swift */; };
		FA1C5F3C25998DED008C7BFE /* UploadPhotoVideoModel.swift in Sources */ = {isa = PBXBuildFile; fileRef = FA1C5F3B25998DED008C7BFE /* UploadPhotoVideoModel.swift */; };
		FA1C5F41259B8013008C7BFE /* UIScrollView-Extension.swift in Sources */ = {isa = PBXBuildFile; fileRef = FA1C5F40259B8013008C7BFE /* UIScrollView-Extension.swift */; };
		FA285E94253B663100A5303E /* SplashVC.swift in Sources */ = {isa = PBXBuildFile; fileRef = FA285E92253B663100A5303E /* SplashVC.swift */; };
		FA285E95253B663100A5303E /* SplashVC.xib in Resources */ = {isa = PBXBuildFile; fileRef = FA285E93253B663100A5303E /* SplashVC.xib */; };
		FA285EB2253B721600A5303E /* PreLoginVC.swift in Sources */ = {isa = PBXBuildFile; fileRef = FA285EB0253B721600A5303E /* PreLoginVC.swift */; };
		FA285EB3253B721600A5303E /* PreLoginVC.xib in Resources */ = {isa = PBXBuildFile; fileRef = FA285EB1253B721600A5303E /* PreLoginVC.xib */; };
		FA285EBE253B842400A5303E /* UITextField-Extension.swift in Sources */ = {isa = PBXBuildFile; fileRef = FA285EBD253B842400A5303E /* UITextField-Extension.swift */; };
		FA385E6E25B9275000D1AEAF /* OptionSelectionPresenter.swift in Sources */ = {isa = PBXBuildFile; fileRef = FA385E6D25B9275000D1AEAF /* OptionSelectionPresenter.swift */; };
		FA5DB48625501DE1002465B3 /* LoginPresenter.swift in Sources */ = {isa = PBXBuildFile; fileRef = FA5DB48525501DE1002465B3 /* LoginPresenter.swift */; };
		FA5DB49925502BB5002465B3 /* ForgotPasswordPresenter.swift in Sources */ = {isa = PBXBuildFile; fileRef = FA5DB49825502BB5002465B3 /* ForgotPasswordPresenter.swift */; };
		FA5DB4DE25503322002465B3 /* RegisterPresenter.swift in Sources */ = {isa = PBXBuildFile; fileRef = FA5DB4DD25503322002465B3 /* RegisterPresenter.swift */; };
		FA70023B255C76D4000052F4 /* TutorialVC.swift in Sources */ = {isa = PBXBuildFile; fileRef = FA700239255C76D4000052F4 /* TutorialVC.swift */; };
		FA70023C255C76D4000052F4 /* TutorialVC.xib in Resources */ = {isa = PBXBuildFile; fileRef = FA70023A255C76D4000052F4 /* TutorialVC.xib */; };
		FA700299255D37B3000052F4 /* User.swift in Sources */ = {isa = PBXBuildFile; fileRef = FA700298255D37B3000052F4 /* User.swift */; };
		FA7003EE255F2708000052F4 /* DashboardVC.swift in Sources */ = {isa = PBXBuildFile; fileRef = FA7003EC255F2708000052F4 /* DashboardVC.swift */; };
		FA8DEA792579EA9700CDFD52 /* QuestionnaireModel.swift in Sources */ = {isa = PBXBuildFile; fileRef = FA8DEA782579EA9700CDFD52 /* QuestionnaireModel.swift */; };
		FA9EFD272537793700A1ED1C /* Constants.swift in Sources */ = {isa = PBXBuildFile; fileRef = FA9EFD222537793700A1ED1C /* Constants.swift */; };
		FA9EFD282537793700A1ED1C /* Utilities.swift in Sources */ = {isa = PBXBuildFile; fileRef = FA9EFD232537793700A1ED1C /* Utilities.swift */; };
		FA9EFD292537793700A1ED1C /* GlobalVariables.swift in Sources */ = {isa = PBXBuildFile; fileRef = FA9EFD242537793700A1ED1C /* GlobalVariables.swift */; };
		FA9EFD2B2537793700A1ED1C /* Enums.swift in Sources */ = {isa = PBXBuildFile; fileRef = FA9EFD262537793700A1ED1C /* Enums.swift */; };
		FA9EFD41253779DD00A1ED1C /* String-Extension.swift in Sources */ = {isa = PBXBuildFile; fileRef = FA9EFD33253779DC00A1ED1C /* String-Extension.swift */; };
		FA9EFD42253779DD00A1ED1C /* NSObject-Extension.swift in Sources */ = {isa = PBXBuildFile; fileRef = FA9EFD34253779DC00A1ED1C /* NSObject-Extension.swift */; };
		FA9EFD43253779DD00A1ED1C /* UIColor-Extension.swift in Sources */ = {isa = PBXBuildFile; fileRef = FA9EFD35253779DC00A1ED1C /* UIColor-Extension.swift */; };
		FA9EFD44253779DD00A1ED1C /* UIView-Extension.swift in Sources */ = {isa = PBXBuildFile; fileRef = FA9EFD36253779DC00A1ED1C /* UIView-Extension.swift */; };
		FA9EFD45253779DD00A1ED1C /* UIButton-Extension.swift in Sources */ = {isa = PBXBuildFile; fileRef = FA9EFD37253779DD00A1ED1C /* UIButton-Extension.swift */; };
		FA9EFD46253779DD00A1ED1C /* UIApplication-Extension.swift in Sources */ = {isa = PBXBuildFile; fileRef = FA9EFD38253779DD00A1ED1C /* UIApplication-Extension.swift */; };
		FA9EFD47253779DD00A1ED1C /* UILabel-Extension.swift in Sources */ = {isa = PBXBuildFile; fileRef = FA9EFD39253779DD00A1ED1C /* UILabel-Extension.swift */; };
		FA9EFD48253779DD00A1ED1C /* DateTime-Extension.swift in Sources */ = {isa = PBXBuildFile; fileRef = FA9EFD3A253779DD00A1ED1C /* DateTime-Extension.swift */; };
		FA9EFD49253779DD00A1ED1C /* UIViewController-Extension.swift in Sources */ = {isa = PBXBuildFile; fileRef = FA9EFD3B253779DD00A1ED1C /* UIViewController-Extension.swift */; };
		FA9EFD4A253779DD00A1ED1C /* FileManager-Extension.swift in Sources */ = {isa = PBXBuildFile; fileRef = FA9EFD3C253779DD00A1ED1C /* FileManager-Extension.swift */; };
		FA9EFD4B253779DD00A1ED1C /* URL-Extension.swift in Sources */ = {isa = PBXBuildFile; fileRef = FA9EFD3D253779DD00A1ED1C /* URL-Extension.swift */; };
		FA9EFD4C253779DD00A1ED1C /* ImagePicker-Extension.swift in Sources */ = {isa = PBXBuildFile; fileRef = FA9EFD3E253779DD00A1ED1C /* ImagePicker-Extension.swift */; };
		FA9EFD4D253779DD00A1ED1C /* UITableView-Extension.swift in Sources */ = {isa = PBXBuildFile; fileRef = FA9EFD3F253779DD00A1ED1C /* UITableView-Extension.swift */; };
		FA9EFD4E253779DD00A1ED1C /* Double-Extension.swift in Sources */ = {isa = PBXBuildFile; fileRef = FA9EFD40253779DD00A1ED1C /* Double-Extension.swift */; };
		FA9EFD5425377A3B00A1ED1C /* ApplicationManager.swift in Sources */ = {isa = PBXBuildFile; fileRef = FA9EFD5325377A3B00A1ED1C /* ApplicationManager.swift */; };
		FA9EFD7E25377BA200A1ED1C /* BaseTableViewCell.swift in Sources */ = {isa = PBXBuildFile; fileRef = FA9EFD7B25377BA200A1ED1C /* BaseTableViewCell.swift */; };
		FA9EFD7F25377BA200A1ED1C /* BaseVC.swift in Sources */ = {isa = PBXBuildFile; fileRef = FA9EFD7C25377BA200A1ED1C /* BaseVC.swift */; };
		FA9EFD8025377BA200A1ED1C /* BaseCollectionViewCell.swift in Sources */ = {isa = PBXBuildFile; fileRef = FA9EFD7D25377BA200A1ED1C /* BaseCollectionViewCell.swift */; };
		FA9EFD8A25377C4300A1ED1C /* LoginVC.swift in Sources */ = {isa = PBXBuildFile; fileRef = FA9EFD8825377C4300A1ED1C /* LoginVC.swift */; };
		FA9EFD8B25377C4300A1ED1C /* LoginVC.xib in Resources */ = {isa = PBXBuildFile; fileRef = FA9EFD8925377C4300A1ED1C /* LoginVC.xib */; };
		FA9EFDB225377DA200A1ED1C /* ParseConfiguration.swift in Sources */ = {isa = PBXBuildFile; fileRef = FA9EFDB125377DA200A1ED1C /* ParseConfiguration.swift */; };
		FA9EFE66253B498400A1ED1C /* Baloo2-Bold.ttf in Resources */ = {isa = PBXBuildFile; fileRef = FA9EFE65253B498400A1ED1C /* Baloo2-Bold.ttf */; };
		FA9EFE6C253B4B8300A1ED1C /* OpenSans-Regular.ttf in Resources */ = {isa = PBXBuildFile; fileRef = FA9EFE6A253B4B8300A1ED1C /* OpenSans-Regular.ttf */; };
		FA9EFE6D253B4B8300A1ED1C /* OpenSans-Bold.ttf in Resources */ = {isa = PBXBuildFile; fileRef = FA9EFE6B253B4B8300A1ED1C /* OpenSans-Bold.ttf */; };
		FAA016262546C9C6004D35BB /* EmailVerificationVC.swift in Sources */ = {isa = PBXBuildFile; fileRef = FAA016242546C9C6004D35BB /* EmailVerificationVC.swift */; };
		FAA016272546C9C6004D35BB /* EmailVerificationVC.xib in Resources */ = {isa = PBXBuildFile; fileRef = FAA016252546C9C6004D35BB /* EmailVerificationVC.xib */; };
		FAA0163125471819004D35BB /* QuestionnairesVC.swift in Sources */ = {isa = PBXBuildFile; fileRef = FAA0162F25471818004D35BB /* QuestionnairesVC.swift */; };
		FAA0163225471819004D35BB /* QuestionnairesVC.xib in Resources */ = {isa = PBXBuildFile; fileRef = FAA0163025471818004D35BB /* QuestionnairesVC.xib */; };
		FAA016462547EC3D004D35BB /* QuestionnaireSimpleOptionTableViewCell.swift in Sources */ = {isa = PBXBuildFile; fileRef = FAA016442547EC3D004D35BB /* QuestionnaireSimpleOptionTableViewCell.swift */; };
		FAA016472547EC3D004D35BB /* QuestionnaireSimpleOptionTableViewCell.xib in Resources */ = {isa = PBXBuildFile; fileRef = FAA016452547EC3D004D35BB /* QuestionnaireSimpleOptionTableViewCell.xib */; };
		FAA41162259475F800DD9177 /* TermsConditionsCollectionViewCell.swift in Sources */ = {isa = PBXBuildFile; fileRef = FAA41160259475F800DD9177 /* TermsConditionsCollectionViewCell.swift */; };
		FAA41163259475F800DD9177 /* TermsConditionsCollectionViewCell.xib in Resources */ = {isa = PBXBuildFile; fileRef = FAA41161259475F800DD9177 /* TermsConditionsCollectionViewCell.xib */; };
		FAB4A9AE25DA84100065D23D /* SearchUserCollectionViewCell.swift in Sources */ = {isa = PBXBuildFile; fileRef = FAB4A9AC25DA84100065D23D /* SearchUserCollectionViewCell.swift */; };
		FAB4A9AF25DA84100065D23D /* SearchUserCollectionViewCell.xib in Resources */ = {isa = PBXBuildFile; fileRef = FAB4A9AD25DA84100065D23D /* SearchUserCollectionViewCell.xib */; };
		FABEC622259D7E1F0025B6C1 /* UserPhotoVideoModel.swift in Sources */ = {isa = PBXBuildFile; fileRef = FABEC621259D7E1F0025B6C1 /* UserPhotoVideoModel.swift */; };
		FAC3A42B25DF00230098BAF7 /* FansPresenter.swift in Sources */ = {isa = PBXBuildFile; fileRef = FAC3A42A25DF00230098BAF7 /* FansPresenter.swift */; };
		FAC4941025403A13007E993B /* RegisterStepOneVC.swift in Sources */ = {isa = PBXBuildFile; fileRef = FAC4940E25403A13007E993B /* RegisterStepOneVC.swift */; };
		FAC4941125403A13007E993B /* RegisterStepOneVC.xib in Resources */ = {isa = PBXBuildFile; fileRef = FAC4940F25403A13007E993B /* RegisterStepOneVC.xib */; };
		FAC4941A2540C2E5007E993B /* RegisterStepTwoVC.swift in Sources */ = {isa = PBXBuildFile; fileRef = FAC494182540C2E5007E993B /* RegisterStepTwoVC.swift */; };
		FAC4941B2540C2E5007E993B /* RegisterStepTwoVC.xib in Resources */ = {isa = PBXBuildFile; fileRef = FAC494192540C2E5007E993B /* RegisterStepTwoVC.xib */; };
		FAC5FEFC2558309B00F06B33 /* QuestionnairePresenter.swift in Sources */ = {isa = PBXBuildFile; fileRef = FAC5FEFB2558309B00F06B33 /* QuestionnairePresenter.swift */; };
		FAC5FF012559142A00F06B33 /* DBColumn.swift in Sources */ = {isa = PBXBuildFile; fileRef = FAC5FF002559142A00F06B33 /* DBColumn.swift */; };
		FAC77CAE254BF5D2004ADA74 /* QuestionnaireCountryOptionTableViewCell.swift in Sources */ = {isa = PBXBuildFile; fileRef = FAC77CAC254BF5D2004ADA74 /* QuestionnaireCountryOptionTableViewCell.swift */; };
		FAC77CAF254BF5D2004ADA74 /* QuestionnaireCountryOptionTableViewCell.xib in Resources */ = {isa = PBXBuildFile; fileRef = FAC77CAD254BF5D2004ADA74 /* QuestionnaireCountryOptionTableViewCell.xib */; };
		FACCBE5825D53FA40097554A /* SettingsVC.swift in Sources */ = {isa = PBXBuildFile; fileRef = FACCBE5725D53FA40097554A /* SettingsVC.swift */; };
		FAD8BE6625919B35009AA7AB /* UploadPhotoVideoVC.swift in Sources */ = {isa = PBXBuildFile; fileRef = FAD8BE6425919B34009AA7AB /* UploadPhotoVideoVC.swift */; };
		FAD8BE6725919B35009AA7AB /* UploadPhotoVideoVC.xib in Resources */ = {isa = PBXBuildFile; fileRef = FAD8BE6525919B34009AA7AB /* UploadPhotoVideoVC.xib */; };
		FAD8BE9D2591A608009AA7AB /* UploadPhotoVideoCollectionViewCell.swift in Sources */ = {isa = PBXBuildFile; fileRef = FAD8BE9B2591A608009AA7AB /* UploadPhotoVideoCollectionViewCell.swift */; };
		FAD8BE9E2591A608009AA7AB /* UploadPhotoVideoCollectionViewCell.xib in Resources */ = {isa = PBXBuildFile; fileRef = FAD8BE9C2591A608009AA7AB /* UploadPhotoVideoCollectionViewCell.xib */; };
		FADF223725B82E9200BB8E4C /* EditNamePresenter.swift in Sources */ = {isa = PBXBuildFile; fileRef = FADF223625B82E9200BB8E4C /* EditNamePresenter.swift */; };
		FAE553A925A95B0500C765F2 /* ProfileVC.swift in Sources */ = {isa = PBXBuildFile; fileRef = FAE553A725A95B0500C765F2 /* ProfileVC.swift */; };
		FAE553AA25A95B0500C765F2 /* ProfileVC.xib in Resources */ = {isa = PBXBuildFile; fileRef = FAE553A825A95B0500C765F2 /* ProfileVC.xib */; };
		FAE553B525A987F400C765F2 /* ProfilePresenter.swift in Sources */ = {isa = PBXBuildFile; fileRef = FAE553B425A987F400C765F2 /* ProfilePresenter.swift */; };
		FAE965DB25D3DFF0009017F5 /* SearchVC.swift in Sources */ = {isa = PBXBuildFile; fileRef = FAE965DA25D3DFF0009017F5 /* SearchVC.swift */; };
		FAE965E325D3E06A009017F5 /* SearchPresenter.swift in Sources */ = {isa = PBXBuildFile; fileRef = FAE965E225D3E06A009017F5 /* SearchPresenter.swift */; };
		FAF13CF2253C26B800D1499A /* ForgotPasswordVC.swift in Sources */ = {isa = PBXBuildFile; fileRef = FAF13CF0253C26B800D1499A /* ForgotPasswordVC.swift */; };
		FAF13CF3253C26B800D1499A /* ForgotPasswordVC.xib in Resources */ = {isa = PBXBuildFile; fileRef = FAF13CF1253C26B800D1499A /* ForgotPasswordVC.xib */; };
		FAF2989725D2A0B200E1595A /* TabBarVC.swift in Sources */ = {isa = PBXBuildFile; fileRef = FAF2989625D2A0B200E1595A /* TabBarVC.swift */; };
		FAF4EF6E25B287B8006E0830 /* MyProfileTableViewCell.swift in Sources */ = {isa = PBXBuildFile; fileRef = FAF4EF6C25B287B8006E0830 /* MyProfileTableViewCell.swift */; };
		FAF4EF6F25B287B8006E0830 /* MyProfileTableViewCell.xib in Resources */ = {isa = PBXBuildFile; fileRef = FAF4EF6D25B287B8006E0830 /* MyProfileTableViewCell.xib */; };
		FAF4EF7625B2B267006E0830 /* EditProfileVC.swift in Sources */ = {isa = PBXBuildFile; fileRef = FAF4EF7425B2B267006E0830 /* EditProfileVC.swift */; };
		FAF4EF7725B2B267006E0830 /* EditProfileVC.xib in Resources */ = {isa = PBXBuildFile; fileRef = FAF4EF7525B2B267006E0830 /* EditProfileVC.xib */; };
		FAFE287325DCF11200DB4770 /* DashboardPresenter.swift in Sources */ = {isa = PBXBuildFile; fileRef = FAFE287225DCF11200DB4770 /* DashboardPresenter.swift */; };
/* End PBXBuildFile section */

/* Begin PBXContainerItemProxy section */
		882EDB442532230A009E8C46 /* PBXContainerItemProxy */ = {
			isa = PBXContainerItemProxy;
			containerPortal = 882EDB2525322306009E8C46 /* Project object */;
			proxyType = 1;
			remoteGlobalIDString = 882EDB2C25322306009E8C46;
			remoteInfo = WingMate_iOS;
		};
		882EDB4F2532230A009E8C46 /* PBXContainerItemProxy */ = {
			isa = PBXContainerItemProxy;
			containerPortal = 882EDB2525322306009E8C46 /* Project object */;
			proxyType = 1;
			remoteGlobalIDString = 882EDB2C25322306009E8C46;
			remoteInfo = WingMate_iOS;
		};
/* End PBXContainerItemProxy section */

/* Begin PBXFileReference section */
		04FFB7E9260D04FD000CA37D /* SliderTableViewCell.swift */ = {isa = PBXFileReference; lastKnownFileType = sourcecode.swift; path = SliderTableViewCell.swift; sourceTree = "<group>"; };
		04FFB7EA260D04FD000CA37D /* SliderTableViewCell.xib */ = {isa = PBXFileReference; lastKnownFileType = file.xib; path = SliderTableViewCell.xib; sourceTree = "<group>"; };
		09B438F8E927009B0A4F30F1 /* Pods_WingMate_iOS.framework */ = {isa = PBXFileReference; explicitFileType = wrapper.framework; includeInIndex = 0; path = Pods_WingMate_iOS.framework; sourceTree = BUILT_PRODUCTS_DIR; };
		52A35B53254C9F0D00D1A56A /* ParseAPIManager.swift */ = {isa = PBXFileReference; lastKnownFileType = sourcecode.swift; path = ParseAPIManager.swift; sourceTree = "<group>"; };
		70517DE6A53286DDC37984C3 /* Pods-WingMate_iOS.release.xcconfig */ = {isa = PBXFileReference; includeInIndex = 1; lastKnownFileType = text.xcconfig; name = "Pods-WingMate_iOS.release.xcconfig"; path = "Target Support Files/Pods-WingMate_iOS/Pods-WingMate_iOS.release.xcconfig"; sourceTree = "<group>"; };
		8668EF29CD881BF614A1E3F9 /* Pods-WingMate_iOS.debug.xcconfig */ = {isa = PBXFileReference; includeInIndex = 1; lastKnownFileType = text.xcconfig; name = "Pods-WingMate_iOS.debug.xcconfig"; path = "Target Support Files/Pods-WingMate_iOS/Pods-WingMate_iOS.debug.xcconfig"; sourceTree = "<group>"; };
		882EDB2D25322306009E8C46 /* WingMate_iOS.app */ = {isa = PBXFileReference; explicitFileType = wrapper.application; includeInIndex = 0; path = WingMate_iOS.app; sourceTree = BUILT_PRODUCTS_DIR; };
		882EDB3025322306009E8C46 /* AppDelegate.swift */ = {isa = PBXFileReference; lastKnownFileType = sourcecode.swift; path = AppDelegate.swift; sourceTree = "<group>"; };
		882EDB3725322306009E8C46 /* Base */ = {isa = PBXFileReference; lastKnownFileType = file.storyboard; name = Base; path = Base.lproj/Main.storyboard; sourceTree = "<group>"; };
		882EDB392532230A009E8C46 /* Assets.xcassets */ = {isa = PBXFileReference; lastKnownFileType = folder.assetcatalog; path = Assets.xcassets; sourceTree = "<group>"; };
		882EDB3C2532230A009E8C46 /* Base */ = {isa = PBXFileReference; lastKnownFileType = file.storyboard; name = Base; path = Base.lproj/LaunchScreen.storyboard; sourceTree = "<group>"; };
		882EDB432532230A009E8C46 /* WingMate_iOSTests.xctest */ = {isa = PBXFileReference; explicitFileType = wrapper.cfbundle; includeInIndex = 0; path = WingMate_iOSTests.xctest; sourceTree = BUILT_PRODUCTS_DIR; };
		882EDB472532230A009E8C46 /* WingMate_iOSTests.swift */ = {isa = PBXFileReference; lastKnownFileType = sourcecode.swift; path = WingMate_iOSTests.swift; sourceTree = "<group>"; };
		882EDB492532230A009E8C46 /* Info.plist */ = {isa = PBXFileReference; lastKnownFileType = text.plist.xml; path = Info.plist; sourceTree = "<group>"; };
		882EDB4E2532230A009E8C46 /* WingMate_iOSUITests.xctest */ = {isa = PBXFileReference; explicitFileType = wrapper.cfbundle; includeInIndex = 0; path = WingMate_iOSUITests.xctest; sourceTree = BUILT_PRODUCTS_DIR; };
		882EDB522532230A009E8C46 /* WingMate_iOSUITests.swift */ = {isa = PBXFileReference; lastKnownFileType = sourcecode.swift; path = WingMate_iOSUITests.swift; sourceTree = "<group>"; };
		882EDB542532230A009E8C46 /* Info.plist */ = {isa = PBXFileReference; lastKnownFileType = text.plist.xml; path = Info.plist; sourceTree = "<group>"; };
		FA00F0B525DBD0DD00D38E88 /* FansVC.swift */ = {isa = PBXFileReference; lastKnownFileType = sourcecode.swift; path = FansVC.swift; sourceTree = "<group>"; };
		FA00F0BB25DBD11E00D38E88 /* ChatVC.swift */ = {isa = PBXFileReference; lastKnownFileType = sourcecode.swift; path = ChatVC.swift; sourceTree = "<group>"; };
		FA06695625B686D900D0786E /* EditProfilePresenter.swift */ = {isa = PBXFileReference; lastKnownFileType = sourcecode.swift; path = EditProfilePresenter.swift; sourceTree = "<group>"; };
		FA0669BC25B6B53B00D0786E /* EditProfileUserQuestionTableViewCell.swift */ = {isa = PBXFileReference; lastKnownFileType = sourcecode.swift; path = EditProfileUserQuestionTableViewCell.swift; sourceTree = "<group>"; };
		FA0669BD25B6B53B00D0786E /* EditProfileUserQuestionTableViewCell.xib */ = {isa = PBXFileReference; lastKnownFileType = file.xib; path = EditProfileUserQuestionTableViewCell.xib; sourceTree = "<group>"; };
		FA0669D025B6DF6D00D0786E /* OptionSelectionVC.swift */ = {isa = PBXFileReference; lastKnownFileType = sourcecode.swift; path = OptionSelectionVC.swift; sourceTree = "<group>"; };
		FA0669D125B6DF6D00D0786E /* OptionSelectionVC.xib */ = {isa = PBXFileReference; lastKnownFileType = file.xib; path = OptionSelectionVC.xib; sourceTree = "<group>"; };
		FA0669DE25B7CE5700D0786E /* EditNameVC.swift */ = {isa = PBXFileReference; lastKnownFileType = sourcecode.swift; path = EditNameVC.swift; sourceTree = "<group>"; };
		FA0669DF25B7CE5700D0786E /* EditNameVC.xib */ = {isa = PBXFileReference; lastKnownFileType = file.xib; path = EditNameVC.xib; sourceTree = "<group>"; };
		FA0765362594425200D48366 /* TermsConditionsTableViewCell.swift */ = {isa = PBXFileReference; lastKnownFileType = sourcecode.swift; path = TermsConditionsTableViewCell.swift; sourceTree = "<group>"; };
		FA0765372594425200D48366 /* TermsConditionsTableViewCell.xib */ = {isa = PBXFileReference; lastKnownFileType = file.xib; path = TermsConditionsTableViewCell.xib; sourceTree = "<group>"; };
		FA0FF3A425DE689A0076C63E /* Info.plist */ = {isa = PBXFileReference; fileEncoding = 4; lastKnownFileType = text.plist.xml; path = Info.plist; sourceTree = "<group>"; };
		FA192D402551283E005A55DD /* TermsAndConditionsVC.swift */ = {isa = PBXFileReference; lastKnownFileType = sourcecode.swift; path = TermsAndConditionsVC.swift; sourceTree = "<group>"; };
		FA192D412551283E005A55DD /* TermsAndConditionsVC.xib */ = {isa = PBXFileReference; lastKnownFileType = file.xib; path = TermsAndConditionsVC.xib; sourceTree = "<group>"; };
		FA192D8425514C08005A55DD /* EmailVerificationPresenter.swift */ = {isa = PBXFileReference; lastKnownFileType = sourcecode.swift; path = EmailVerificationPresenter.swift; sourceTree = "<group>"; };
		FA1C5EF525959645008C7BFE /* UploadPhotoVideoPresenter.swift */ = {isa = PBXFileReference; lastKnownFileType = sourcecode.swift; path = UploadPhotoVideoPresenter.swift; sourceTree = "<group>"; };
		FA1C5F3B25998DED008C7BFE /* UploadPhotoVideoModel.swift */ = {isa = PBXFileReference; lastKnownFileType = sourcecode.swift; path = UploadPhotoVideoModel.swift; sourceTree = "<group>"; };
		FA1C5F40259B8013008C7BFE /* UIScrollView-Extension.swift */ = {isa = PBXFileReference; lastKnownFileType = sourcecode.swift; path = "UIScrollView-Extension.swift"; sourceTree = "<group>"; };
		FA285E92253B663100A5303E /* SplashVC.swift */ = {isa = PBXFileReference; lastKnownFileType = sourcecode.swift; path = SplashVC.swift; sourceTree = "<group>"; };
		FA285E93253B663100A5303E /* SplashVC.xib */ = {isa = PBXFileReference; lastKnownFileType = file.xib; path = SplashVC.xib; sourceTree = "<group>"; };
		FA285EB0253B721600A5303E /* PreLoginVC.swift */ = {isa = PBXFileReference; lastKnownFileType = sourcecode.swift; path = PreLoginVC.swift; sourceTree = "<group>"; };
		FA285EB1253B721600A5303E /* PreLoginVC.xib */ = {isa = PBXFileReference; lastKnownFileType = file.xib; path = PreLoginVC.xib; sourceTree = "<group>"; };
		FA285EBD253B842400A5303E /* UITextField-Extension.swift */ = {isa = PBXFileReference; lastKnownFileType = sourcecode.swift; path = "UITextField-Extension.swift"; sourceTree = "<group>"; };
		FA385E6D25B9275000D1AEAF /* OptionSelectionPresenter.swift */ = {isa = PBXFileReference; lastKnownFileType = sourcecode.swift; path = OptionSelectionPresenter.swift; sourceTree = "<group>"; };
		FA5DB48525501DE1002465B3 /* LoginPresenter.swift */ = {isa = PBXFileReference; lastKnownFileType = sourcecode.swift; path = LoginPresenter.swift; sourceTree = "<group>"; };
		FA5DB49825502BB5002465B3 /* ForgotPasswordPresenter.swift */ = {isa = PBXFileReference; lastKnownFileType = sourcecode.swift; path = ForgotPasswordPresenter.swift; sourceTree = "<group>"; };
		FA5DB4DD25503322002465B3 /* RegisterPresenter.swift */ = {isa = PBXFileReference; lastKnownFileType = sourcecode.swift; path = RegisterPresenter.swift; sourceTree = "<group>"; };
		FA700239255C76D4000052F4 /* TutorialVC.swift */ = {isa = PBXFileReference; lastKnownFileType = sourcecode.swift; path = TutorialVC.swift; sourceTree = "<group>"; };
		FA70023A255C76D4000052F4 /* TutorialVC.xib */ = {isa = PBXFileReference; lastKnownFileType = file.xib; path = TutorialVC.xib; sourceTree = "<group>"; };
		FA700298255D37B3000052F4 /* User.swift */ = {isa = PBXFileReference; fileEncoding = 4; lastKnownFileType = sourcecode.swift; path = User.swift; sourceTree = "<group>"; };
		FA7003EC255F2708000052F4 /* DashboardVC.swift */ = {isa = PBXFileReference; lastKnownFileType = sourcecode.swift; path = DashboardVC.swift; sourceTree = "<group>"; };
		FA8DEA782579EA9700CDFD52 /* QuestionnaireModel.swift */ = {isa = PBXFileReference; lastKnownFileType = sourcecode.swift; path = QuestionnaireModel.swift; sourceTree = "<group>"; };
		FA9EFD222537793700A1ED1C /* Constants.swift */ = {isa = PBXFileReference; fileEncoding = 4; lastKnownFileType = sourcecode.swift; path = Constants.swift; sourceTree = "<group>"; };
		FA9EFD232537793700A1ED1C /* Utilities.swift */ = {isa = PBXFileReference; fileEncoding = 4; lastKnownFileType = sourcecode.swift; path = Utilities.swift; sourceTree = "<group>"; };
		FA9EFD242537793700A1ED1C /* GlobalVariables.swift */ = {isa = PBXFileReference; fileEncoding = 4; lastKnownFileType = sourcecode.swift; path = GlobalVariables.swift; sourceTree = "<group>"; };
		FA9EFD262537793700A1ED1C /* Enums.swift */ = {isa = PBXFileReference; fileEncoding = 4; lastKnownFileType = sourcecode.swift; path = Enums.swift; sourceTree = "<group>"; };
		FA9EFD33253779DC00A1ED1C /* String-Extension.swift */ = {isa = PBXFileReference; fileEncoding = 4; lastKnownFileType = sourcecode.swift; path = "String-Extension.swift"; sourceTree = "<group>"; };
		FA9EFD34253779DC00A1ED1C /* NSObject-Extension.swift */ = {isa = PBXFileReference; fileEncoding = 4; lastKnownFileType = sourcecode.swift; path = "NSObject-Extension.swift"; sourceTree = "<group>"; };
		FA9EFD35253779DC00A1ED1C /* UIColor-Extension.swift */ = {isa = PBXFileReference; fileEncoding = 4; lastKnownFileType = sourcecode.swift; path = "UIColor-Extension.swift"; sourceTree = "<group>"; };
		FA9EFD36253779DC00A1ED1C /* UIView-Extension.swift */ = {isa = PBXFileReference; fileEncoding = 4; lastKnownFileType = sourcecode.swift; path = "UIView-Extension.swift"; sourceTree = "<group>"; };
		FA9EFD37253779DD00A1ED1C /* UIButton-Extension.swift */ = {isa = PBXFileReference; fileEncoding = 4; lastKnownFileType = sourcecode.swift; path = "UIButton-Extension.swift"; sourceTree = "<group>"; };
		FA9EFD38253779DD00A1ED1C /* UIApplication-Extension.swift */ = {isa = PBXFileReference; fileEncoding = 4; lastKnownFileType = sourcecode.swift; path = "UIApplication-Extension.swift"; sourceTree = "<group>"; };
		FA9EFD39253779DD00A1ED1C /* UILabel-Extension.swift */ = {isa = PBXFileReference; fileEncoding = 4; lastKnownFileType = sourcecode.swift; path = "UILabel-Extension.swift"; sourceTree = "<group>"; };
		FA9EFD3A253779DD00A1ED1C /* DateTime-Extension.swift */ = {isa = PBXFileReference; fileEncoding = 4; lastKnownFileType = sourcecode.swift; path = "DateTime-Extension.swift"; sourceTree = "<group>"; };
		FA9EFD3B253779DD00A1ED1C /* UIViewController-Extension.swift */ = {isa = PBXFileReference; fileEncoding = 4; lastKnownFileType = sourcecode.swift; path = "UIViewController-Extension.swift"; sourceTree = "<group>"; };
		FA9EFD3C253779DD00A1ED1C /* FileManager-Extension.swift */ = {isa = PBXFileReference; fileEncoding = 4; lastKnownFileType = sourcecode.swift; path = "FileManager-Extension.swift"; sourceTree = "<group>"; };
		FA9EFD3D253779DD00A1ED1C /* URL-Extension.swift */ = {isa = PBXFileReference; fileEncoding = 4; lastKnownFileType = sourcecode.swift; path = "URL-Extension.swift"; sourceTree = "<group>"; };
		FA9EFD3E253779DD00A1ED1C /* ImagePicker-Extension.swift */ = {isa = PBXFileReference; fileEncoding = 4; lastKnownFileType = sourcecode.swift; path = "ImagePicker-Extension.swift"; sourceTree = "<group>"; };
		FA9EFD3F253779DD00A1ED1C /* UITableView-Extension.swift */ = {isa = PBXFileReference; fileEncoding = 4; lastKnownFileType = sourcecode.swift; path = "UITableView-Extension.swift"; sourceTree = "<group>"; };
		FA9EFD40253779DD00A1ED1C /* Double-Extension.swift */ = {isa = PBXFileReference; fileEncoding = 4; lastKnownFileType = sourcecode.swift; path = "Double-Extension.swift"; sourceTree = "<group>"; };
		FA9EFD5325377A3B00A1ED1C /* ApplicationManager.swift */ = {isa = PBXFileReference; fileEncoding = 4; lastKnownFileType = sourcecode.swift; path = ApplicationManager.swift; sourceTree = "<group>"; };
		FA9EFD7B25377BA200A1ED1C /* BaseTableViewCell.swift */ = {isa = PBXFileReference; fileEncoding = 4; lastKnownFileType = sourcecode.swift; path = BaseTableViewCell.swift; sourceTree = "<group>"; };
		FA9EFD7C25377BA200A1ED1C /* BaseVC.swift */ = {isa = PBXFileReference; fileEncoding = 4; lastKnownFileType = sourcecode.swift; path = BaseVC.swift; sourceTree = "<group>"; };
		FA9EFD7D25377BA200A1ED1C /* BaseCollectionViewCell.swift */ = {isa = PBXFileReference; fileEncoding = 4; lastKnownFileType = sourcecode.swift; path = BaseCollectionViewCell.swift; sourceTree = "<group>"; };
		FA9EFD8825377C4300A1ED1C /* LoginVC.swift */ = {isa = PBXFileReference; lastKnownFileType = sourcecode.swift; path = LoginVC.swift; sourceTree = "<group>"; };
		FA9EFD8925377C4300A1ED1C /* LoginVC.xib */ = {isa = PBXFileReference; lastKnownFileType = file.xib; path = LoginVC.xib; sourceTree = "<group>"; };
		FA9EFDB125377DA200A1ED1C /* ParseConfiguration.swift */ = {isa = PBXFileReference; lastKnownFileType = sourcecode.swift; path = ParseConfiguration.swift; sourceTree = "<group>"; };
		FA9EFE65253B498400A1ED1C /* Baloo2-Bold.ttf */ = {isa = PBXFileReference; lastKnownFileType = file; path = "Baloo2-Bold.ttf"; sourceTree = "<group>"; };
		FA9EFE6A253B4B8300A1ED1C /* OpenSans-Regular.ttf */ = {isa = PBXFileReference; lastKnownFileType = file; path = "OpenSans-Regular.ttf"; sourceTree = "<group>"; };
		FA9EFE6B253B4B8300A1ED1C /* OpenSans-Bold.ttf */ = {isa = PBXFileReference; lastKnownFileType = file; path = "OpenSans-Bold.ttf"; sourceTree = "<group>"; };
		FAA016242546C9C6004D35BB /* EmailVerificationVC.swift */ = {isa = PBXFileReference; lastKnownFileType = sourcecode.swift; path = EmailVerificationVC.swift; sourceTree = "<group>"; };
		FAA016252546C9C6004D35BB /* EmailVerificationVC.xib */ = {isa = PBXFileReference; lastKnownFileType = file.xib; path = EmailVerificationVC.xib; sourceTree = "<group>"; };
		FAA0162F25471818004D35BB /* QuestionnairesVC.swift */ = {isa = PBXFileReference; lastKnownFileType = sourcecode.swift; path = QuestionnairesVC.swift; sourceTree = "<group>"; };
		FAA0163025471818004D35BB /* QuestionnairesVC.xib */ = {isa = PBXFileReference; lastKnownFileType = file.xib; path = QuestionnairesVC.xib; sourceTree = "<group>"; };
		FAA016442547EC3D004D35BB /* QuestionnaireSimpleOptionTableViewCell.swift */ = {isa = PBXFileReference; lastKnownFileType = sourcecode.swift; path = QuestionnaireSimpleOptionTableViewCell.swift; sourceTree = "<group>"; };
		FAA016452547EC3D004D35BB /* QuestionnaireSimpleOptionTableViewCell.xib */ = {isa = PBXFileReference; lastKnownFileType = file.xib; path = QuestionnaireSimpleOptionTableViewCell.xib; sourceTree = "<group>"; };
		FAA41160259475F800DD9177 /* TermsConditionsCollectionViewCell.swift */ = {isa = PBXFileReference; lastKnownFileType = sourcecode.swift; path = TermsConditionsCollectionViewCell.swift; sourceTree = "<group>"; };
		FAA41161259475F800DD9177 /* TermsConditionsCollectionViewCell.xib */ = {isa = PBXFileReference; lastKnownFileType = file.xib; path = TermsConditionsCollectionViewCell.xib; sourceTree = "<group>"; };
		FAB4A9AC25DA84100065D23D /* SearchUserCollectionViewCell.swift */ = {isa = PBXFileReference; lastKnownFileType = sourcecode.swift; path = SearchUserCollectionViewCell.swift; sourceTree = "<group>"; };
		FAB4A9AD25DA84100065D23D /* SearchUserCollectionViewCell.xib */ = {isa = PBXFileReference; lastKnownFileType = file.xib; path = SearchUserCollectionViewCell.xib; sourceTree = "<group>"; };
		FABEC621259D7E1F0025B6C1 /* UserPhotoVideoModel.swift */ = {isa = PBXFileReference; lastKnownFileType = sourcecode.swift; path = UserPhotoVideoModel.swift; sourceTree = "<group>"; };
		FAC3A42A25DF00230098BAF7 /* FansPresenter.swift */ = {isa = PBXFileReference; lastKnownFileType = sourcecode.swift; path = FansPresenter.swift; sourceTree = "<group>"; };
		FAC4940E25403A13007E993B /* RegisterStepOneVC.swift */ = {isa = PBXFileReference; lastKnownFileType = sourcecode.swift; path = RegisterStepOneVC.swift; sourceTree = "<group>"; };
		FAC4940F25403A13007E993B /* RegisterStepOneVC.xib */ = {isa = PBXFileReference; lastKnownFileType = file.xib; path = RegisterStepOneVC.xib; sourceTree = "<group>"; };
		FAC494182540C2E5007E993B /* RegisterStepTwoVC.swift */ = {isa = PBXFileReference; lastKnownFileType = sourcecode.swift; path = RegisterStepTwoVC.swift; sourceTree = "<group>"; };
		FAC494192540C2E5007E993B /* RegisterStepTwoVC.xib */ = {isa = PBXFileReference; lastKnownFileType = file.xib; path = RegisterStepTwoVC.xib; sourceTree = "<group>"; };
		FAC5FEFB2558309B00F06B33 /* QuestionnairePresenter.swift */ = {isa = PBXFileReference; lastKnownFileType = sourcecode.swift; path = QuestionnairePresenter.swift; sourceTree = "<group>"; };
		FAC5FF002559142A00F06B33 /* DBColumn.swift */ = {isa = PBXFileReference; lastKnownFileType = sourcecode.swift; path = DBColumn.swift; sourceTree = "<group>"; };
		FAC77CAC254BF5D2004ADA74 /* QuestionnaireCountryOptionTableViewCell.swift */ = {isa = PBXFileReference; lastKnownFileType = sourcecode.swift; path = QuestionnaireCountryOptionTableViewCell.swift; sourceTree = "<group>"; };
		FAC77CAD254BF5D2004ADA74 /* QuestionnaireCountryOptionTableViewCell.xib */ = {isa = PBXFileReference; lastKnownFileType = file.xib; path = QuestionnaireCountryOptionTableViewCell.xib; sourceTree = "<group>"; };
		FACCBE5725D53FA40097554A /* SettingsVC.swift */ = {isa = PBXFileReference; lastKnownFileType = sourcecode.swift; path = SettingsVC.swift; sourceTree = "<group>"; };
		FAD8BE6425919B34009AA7AB /* UploadPhotoVideoVC.swift */ = {isa = PBXFileReference; lastKnownFileType = sourcecode.swift; path = UploadPhotoVideoVC.swift; sourceTree = "<group>"; };
		FAD8BE6525919B34009AA7AB /* UploadPhotoVideoVC.xib */ = {isa = PBXFileReference; lastKnownFileType = file.xib; path = UploadPhotoVideoVC.xib; sourceTree = "<group>"; };
		FAD8BE9B2591A608009AA7AB /* UploadPhotoVideoCollectionViewCell.swift */ = {isa = PBXFileReference; lastKnownFileType = sourcecode.swift; path = UploadPhotoVideoCollectionViewCell.swift; sourceTree = "<group>"; };
		FAD8BE9C2591A608009AA7AB /* UploadPhotoVideoCollectionViewCell.xib */ = {isa = PBXFileReference; lastKnownFileType = file.xib; path = UploadPhotoVideoCollectionViewCell.xib; sourceTree = "<group>"; };
		FADF223625B82E9200BB8E4C /* EditNamePresenter.swift */ = {isa = PBXFileReference; lastKnownFileType = sourcecode.swift; path = EditNamePresenter.swift; sourceTree = "<group>"; };
		FAE553A725A95B0500C765F2 /* ProfileVC.swift */ = {isa = PBXFileReference; lastKnownFileType = sourcecode.swift; path = ProfileVC.swift; sourceTree = "<group>"; };
		FAE553A825A95B0500C765F2 /* ProfileVC.xib */ = {isa = PBXFileReference; lastKnownFileType = file.xib; path = ProfileVC.xib; sourceTree = "<group>"; };
		FAE553B425A987F400C765F2 /* ProfilePresenter.swift */ = {isa = PBXFileReference; lastKnownFileType = sourcecode.swift; path = ProfilePresenter.swift; sourceTree = "<group>"; };
		FAE965DA25D3DFF0009017F5 /* SearchVC.swift */ = {isa = PBXFileReference; lastKnownFileType = sourcecode.swift; path = SearchVC.swift; sourceTree = "<group>"; };
		FAE965E225D3E06A009017F5 /* SearchPresenter.swift */ = {isa = PBXFileReference; lastKnownFileType = sourcecode.swift; path = SearchPresenter.swift; sourceTree = "<group>"; };
		FAF13CF0253C26B800D1499A /* ForgotPasswordVC.swift */ = {isa = PBXFileReference; lastKnownFileType = sourcecode.swift; path = ForgotPasswordVC.swift; sourceTree = "<group>"; };
		FAF13CF1253C26B800D1499A /* ForgotPasswordVC.xib */ = {isa = PBXFileReference; lastKnownFileType = file.xib; path = ForgotPasswordVC.xib; sourceTree = "<group>"; };
		FAF2989625D2A0B200E1595A /* TabBarVC.swift */ = {isa = PBXFileReference; lastKnownFileType = sourcecode.swift; path = TabBarVC.swift; sourceTree = "<group>"; };
		FAF4EF6C25B287B8006E0830 /* MyProfileTableViewCell.swift */ = {isa = PBXFileReference; lastKnownFileType = sourcecode.swift; path = MyProfileTableViewCell.swift; sourceTree = "<group>"; };
		FAF4EF6D25B287B8006E0830 /* MyProfileTableViewCell.xib */ = {isa = PBXFileReference; lastKnownFileType = file.xib; path = MyProfileTableViewCell.xib; sourceTree = "<group>"; };
		FAF4EF7425B2B267006E0830 /* EditProfileVC.swift */ = {isa = PBXFileReference; lastKnownFileType = sourcecode.swift; path = EditProfileVC.swift; sourceTree = "<group>"; };
		FAF4EF7525B2B267006E0830 /* EditProfileVC.xib */ = {isa = PBXFileReference; lastKnownFileType = file.xib; path = EditProfileVC.xib; sourceTree = "<group>"; };
		FAFE287225DCF11200DB4770 /* DashboardPresenter.swift */ = {isa = PBXFileReference; lastKnownFileType = sourcecode.swift; path = DashboardPresenter.swift; sourceTree = "<group>"; };
/* End PBXFileReference section */

/* Begin PBXFrameworksBuildPhase section */
		882EDB2A25322306009E8C46 /* Frameworks */ = {
			isa = PBXFrameworksBuildPhase;
			buildActionMask = 2147483647;
			files = (
				4AB0D54D4A473118C96593E1 /* Pods_WingMate_iOS.framework in Frameworks */,
			);
			runOnlyForDeploymentPostprocessing = 0;
		};
		882EDB402532230A009E8C46 /* Frameworks */ = {
			isa = PBXFrameworksBuildPhase;
			buildActionMask = 2147483647;
			files = (
			);
			runOnlyForDeploymentPostprocessing = 0;
		};
		882EDB4B2532230A009E8C46 /* Frameworks */ = {
			isa = PBXFrameworksBuildPhase;
			buildActionMask = 2147483647;
			files = (
			);
			runOnlyForDeploymentPostprocessing = 0;
		};
/* End PBXFrameworksBuildPhase section */

/* Begin PBXGroup section */
		617C04E5A17BB69BA9445ECF /* Pods */ = {
			isa = PBXGroup;
			children = (
				8668EF29CD881BF614A1E3F9 /* Pods-WingMate_iOS.debug.xcconfig */,
				70517DE6A53286DDC37984C3 /* Pods-WingMate_iOS.release.xcconfig */,
			);
			path = Pods;
			sourceTree = "<group>";
		};
		882EDB2425322306009E8C46 = {
			isa = PBXGroup;
			children = (
				882EDB2F25322306009E8C46 /* WingMate_iOS */,
				882EDB462532230A009E8C46 /* WingMate_iOSTests */,
				882EDB512532230A009E8C46 /* WingMate_iOSUITests */,
				882EDB2E25322306009E8C46 /* Products */,
				617C04E5A17BB69BA9445ECF /* Pods */,
				8F3FF096176D80CDB0422DD6 /* Frameworks */,
			);
			sourceTree = "<group>";
		};
		882EDB2E25322306009E8C46 /* Products */ = {
			isa = PBXGroup;
			children = (
				882EDB2D25322306009E8C46 /* WingMate_iOS.app */,
				882EDB432532230A009E8C46 /* WingMate_iOSTests.xctest */,
				882EDB4E2532230A009E8C46 /* WingMate_iOSUITests.xctest */,
			);
			name = Products;
			sourceTree = "<group>";
		};
		882EDB2F25322306009E8C46 /* WingMate_iOS */ = {
			isa = PBXGroup;
			children = (
				FA9EFE64253B496C00A1ED1C /* Resources */,
				FA9EFD212537791700A1ED1C /* Utilities */,
				FA9EFD7A25377B7800A1ED1C /* Base Classes */,
				FA9EFD6025377A9600A1ED1C /* Network Layer */,
				FA9EFD5925377A7700A1ED1C /* Application */,
				FA9EFD5825377A6700A1ED1C /* Storyboards */,
				FA9EFD5225377A1A00A1ED1C /* Managers */,
				FA9EFD32253779BC00A1ED1C /* Extensions */,
				FA9EFD20253774DE00A1ED1C /* View Controllers */,
			);
			path = WingMate_iOS;
			sourceTree = "<group>";
		};
		882EDB462532230A009E8C46 /* WingMate_iOSTests */ = {
			isa = PBXGroup;
			children = (
				882EDB472532230A009E8C46 /* WingMate_iOSTests.swift */,
				882EDB492532230A009E8C46 /* Info.plist */,
			);
			path = WingMate_iOSTests;
			sourceTree = "<group>";
		};
		882EDB512532230A009E8C46 /* WingMate_iOSUITests */ = {
			isa = PBXGroup;
			children = (
				882EDB522532230A009E8C46 /* WingMate_iOSUITests.swift */,
				882EDB542532230A009E8C46 /* Info.plist */,
			);
			path = WingMate_iOSUITests;
			sourceTree = "<group>";
		};
		8F3FF096176D80CDB0422DD6 /* Frameworks */ = {
			isa = PBXGroup;
			children = (
				09B438F8E927009B0A4F30F1 /* Pods_WingMate_iOS.framework */,
			);
			name = Frameworks;
			sourceTree = "<group>";
		};
		FA00F0B425DBD0C200D38E88 /* MyFans */ = {
			isa = PBXGroup;
			children = (
				FA00F0B525DBD0DD00D38E88 /* FansVC.swift */,
				FAC3A42A25DF00230098BAF7 /* FansPresenter.swift */,
			);
			path = MyFans;
			sourceTree = "<group>";
		};
		FA00F0BA25DBD10800D38E88 /* Messages */ = {
			isa = PBXGroup;
			children = (
				FA00F0BB25DBD11E00D38E88 /* ChatVC.swift */,
			);
			path = Messages;
			sourceTree = "<group>";
		};
		FA0669BB25B6B51400D0786E /* Cells */ = {
			isa = PBXGroup;
			children = (
				FA0669BC25B6B53B00D0786E /* EditProfileUserQuestionTableViewCell.swift */,
				FA0669BD25B6B53B00D0786E /* EditProfileUserQuestionTableViewCell.xib */,
				04FFB7E9260D04FD000CA37D /* SliderTableViewCell.swift */,
				04FFB7EA260D04FD000CA37D /* SliderTableViewCell.xib */,
			);
			path = Cells;
			sourceTree = "<group>";
		};
		FA0669CF25B6DF4500D0786E /* Option Selection */ = {
			isa = PBXGroup;
			children = (
				FA0669D025B6DF6D00D0786E /* OptionSelectionVC.swift */,
				FA0669D125B6DF6D00D0786E /* OptionSelectionVC.xib */,
				FA385E6D25B9275000D1AEAF /* OptionSelectionPresenter.swift */,
			);
			path = "Option Selection";
			sourceTree = "<group>";
		};
		FA0669DD25B7CE0700D0786E /* Edit Name */ = {
			isa = PBXGroup;
			children = (
				FA0669DE25B7CE5700D0786E /* EditNameVC.swift */,
				FA0669DF25B7CE5700D0786E /* EditNameVC.xib */,
				FADF223625B82E9200BB8E4C /* EditNamePresenter.swift */,
			);
			path = "Edit Name";
			sourceTree = "<group>";
		};
		FA076534259441E900D48366 /* Upload Photo Video Collection View Cell */ = {
			isa = PBXGroup;
			children = (
				FAD8BE9B2591A608009AA7AB /* UploadPhotoVideoCollectionViewCell.swift */,
				FAD8BE9C2591A608009AA7AB /* UploadPhotoVideoCollectionViewCell.xib */,
			);
			path = "Upload Photo Video Collection View Cell";
			sourceTree = "<group>";
		};
		FA0765352594420100D48366 /* Terms Conditions Table View Cell */ = {
			isa = PBXGroup;
			children = (
				FA0765362594425200D48366 /* TermsConditionsTableViewCell.swift */,
				FA0765372594425200D48366 /* TermsConditionsTableViewCell.xib */,
			);
			path = "Terms Conditions Table View Cell";
			sourceTree = "<group>";
		};
		FA192D3F2551281C005A55DD /* Terms And Conditions */ = {
			isa = PBXGroup;
			children = (
				FA192D402551283E005A55DD /* TermsAndConditionsVC.swift */,
				FA192D412551283E005A55DD /* TermsAndConditionsVC.xib */,
			);
			path = "Terms And Conditions";
			sourceTree = "<group>";
		};
		FA285E90253B660F00A5303E /* Login */ = {
			isa = PBXGroup;
			children = (
				FA5DB48525501DE1002465B3 /* LoginPresenter.swift */,
				FA9EFD8825377C4300A1ED1C /* LoginVC.swift */,
				FA9EFD8925377C4300A1ED1C /* LoginVC.xib */,
			);
			path = Login;
			sourceTree = "<group>";
		};
		FA285E91253B661A00A5303E /* Splash */ = {
			isa = PBXGroup;
			children = (
				FA285E92253B663100A5303E /* SplashVC.swift */,
				FA285E93253B663100A5303E /* SplashVC.xib */,
			);
			path = Splash;
			sourceTree = "<group>";
		};
		FA285EAF253B71FF00A5303E /* Pre Login */ = {
			isa = PBXGroup;
			children = (
				FA285EB0253B721600A5303E /* PreLoginVC.swift */,
				FA285EB1253B721600A5303E /* PreLoginVC.xib */,
			);
			path = "Pre Login";
			sourceTree = "<group>";
		};
		FA700238255C76AB000052F4 /* Tutorials */ = {
			isa = PBXGroup;
			children = (
				FA700239255C76D4000052F4 /* TutorialVC.swift */,
				FA70023A255C76D4000052F4 /* TutorialVC.xib */,
			);
			path = Tutorials;
			sourceTree = "<group>";
		};
		FA7003EB255F26E8000052F4 /* Dashboard */ = {
			isa = PBXGroup;
			children = (
				FA7003EC255F2708000052F4 /* DashboardVC.swift */,
				FAFE287225DCF11200DB4770 /* DashboardPresenter.swift */,
			);
			path = Dashboard;
			sourceTree = "<group>";
		};
		FA84AD3D253D937300E1C558 /* Registration */ = {
			isa = PBXGroup;
			children = (
				FAC4940E25403A13007E993B /* RegisterStepOneVC.swift */,
				FAC4940F25403A13007E993B /* RegisterStepOneVC.xib */,
				FAC494182540C2E5007E993B /* RegisterStepTwoVC.swift */,
				FAC494192540C2E5007E993B /* RegisterStepTwoVC.xib */,
				FA5DB4DD25503322002465B3 /* RegisterPresenter.swift */,
			);
			path = Registration;
			sourceTree = "<group>";
		};
		FA9EFD20253774DE00A1ED1C /* View Controllers */ = {
			isa = PBXGroup;
			children = (
				FA00F0BA25DBD10800D38E88 /* Messages */,
				FA00F0B425DBD0C200D38E88 /* MyFans */,
				FACCBE5625D53F930097554A /* Settings */,
				FAE965D925D3DFDF009017F5 /* Search */,
				FAF2989525D2A08500E1595A /* Tab Bar */,
				FA0669CF25B6DF4500D0786E /* Option Selection */,
				FA0669DD25B7CE0700D0786E /* Edit Name */,
				FAF4EF7325B2B24E006E0830 /* Edit Profile */,
				FAE553A625A95AE300C765F2 /* Profile */,
				FAD8BE4E25919AE6009AA7AB /* Upload Photo Video */,
				FA7003EB255F26E8000052F4 /* Dashboard */,
				FA700238255C76AB000052F4 /* Tutorials */,
				FA192D3F2551281C005A55DD /* Terms And Conditions */,
				FAA0162E2547106E004D35BB /* Questionnaires */,
				FAA016232546C9AF004D35BB /* Email Verification */,
				FA84AD3D253D937300E1C558 /* Registration */,
				FAF13CEC253C244300D1499A /* Forgot Password */,
				FA285EAF253B71FF00A5303E /* Pre Login */,
				FA285E91253B661A00A5303E /* Splash */,
				FA285E90253B660F00A5303E /* Login */,
			);
			path = "View Controllers";
			sourceTree = "<group>";
		};
		FA9EFD212537791700A1ED1C /* Utilities */ = {
			isa = PBXGroup;
			children = (
				FA9EFD262537793700A1ED1C /* Enums.swift */,
				FA9EFD242537793700A1ED1C /* GlobalVariables.swift */,
				FA9EFD222537793700A1ED1C /* Constants.swift */,
				FA9EFDB125377DA200A1ED1C /* ParseConfiguration.swift */,
				FA9EFD232537793700A1ED1C /* Utilities.swift */,
			);
			path = Utilities;
			sourceTree = "<group>";
		};
		FA9EFD32253779BC00A1ED1C /* Extensions */ = {
			isa = PBXGroup;
			children = (
				FA9EFD3A253779DD00A1ED1C /* DateTime-Extension.swift */,
				FA9EFD40253779DD00A1ED1C /* Double-Extension.swift */,
				FA9EFD3C253779DD00A1ED1C /* FileManager-Extension.swift */,
				FA9EFD3E253779DD00A1ED1C /* ImagePicker-Extension.swift */,
				FA9EFD34253779DC00A1ED1C /* NSObject-Extension.swift */,
				FA9EFD33253779DC00A1ED1C /* String-Extension.swift */,
				FA9EFD38253779DD00A1ED1C /* UIApplication-Extension.swift */,
				FA9EFD37253779DD00A1ED1C /* UIButton-Extension.swift */,
				FA9EFD35253779DC00A1ED1C /* UIColor-Extension.swift */,
				FA9EFD39253779DD00A1ED1C /* UILabel-Extension.swift */,
				FA9EFD3F253779DD00A1ED1C /* UITableView-Extension.swift */,
				FA9EFD36253779DC00A1ED1C /* UIView-Extension.swift */,
				FA9EFD3B253779DD00A1ED1C /* UIViewController-Extension.swift */,
				FA9EFD3D253779DD00A1ED1C /* URL-Extension.swift */,
				FA285EBD253B842400A5303E /* UITextField-Extension.swift */,
				FA1C5F40259B8013008C7BFE /* UIScrollView-Extension.swift */,
			);
			path = Extensions;
			sourceTree = "<group>";
		};
		FA9EFD5225377A1A00A1ED1C /* Managers */ = {
			isa = PBXGroup;
			children = (
				FA9EFD5325377A3B00A1ED1C /* ApplicationManager.swift */,
			);
			path = Managers;
			sourceTree = "<group>";
		};
		FA9EFD5825377A6700A1ED1C /* Storyboards */ = {
			isa = PBXGroup;
			children = (
				882EDB3625322306009E8C46 /* Main.storyboard */,
				882EDB3B2532230A009E8C46 /* LaunchScreen.storyboard */,
			);
			path = Storyboards;
			sourceTree = "<group>";
		};
		FA9EFD5925377A7700A1ED1C /* Application */ = {
			isa = PBXGroup;
			children = (
				882EDB3025322306009E8C46 /* AppDelegate.swift */,
				882EDB392532230A009E8C46 /* Assets.xcassets */,
				FA0FF3A425DE689A0076C63E /* Info.plist */,
			);
			path = Application;
			sourceTree = "<group>";
		};
		FA9EFD6025377A9600A1ED1C /* Network Layer */ = {
			isa = PBXGroup;
			children = (
				FA9EFD6225377AA900A1ED1C /* Parse API Manager */,
				FA9EFD6125377AA000A1ED1C /* Data Models */,
			);
			path = "Network Layer";
			sourceTree = "<group>";
		};
		FA9EFD6125377AA000A1ED1C /* Data Models */ = {
			isa = PBXGroup;
			children = (
				FA700298255D37B3000052F4 /* User.swift */,
				FA8DEA782579EA9700CDFD52 /* QuestionnaireModel.swift */,
				FA1C5F3B25998DED008C7BFE /* UploadPhotoVideoModel.swift */,
				FABEC621259D7E1F0025B6C1 /* UserPhotoVideoModel.swift */,
			);
			path = "Data Models";
			sourceTree = "<group>";
		};
		FA9EFD6225377AA900A1ED1C /* Parse API Manager */ = {
			isa = PBXGroup;
			children = (
				52A35B53254C9F0D00D1A56A /* ParseAPIManager.swift */,
				FAC5FF002559142A00F06B33 /* DBColumn.swift */,
			);
			path = "Parse API Manager";
			sourceTree = "<group>";
		};
		FA9EFD7A25377B7800A1ED1C /* Base Classes */ = {
			isa = PBXGroup;
			children = (
				FA9EFD7D25377BA200A1ED1C /* BaseCollectionViewCell.swift */,
				FA9EFD7B25377BA200A1ED1C /* BaseTableViewCell.swift */,
				FA9EFD7C25377BA200A1ED1C /* BaseVC.swift */,
			);
			path = "Base Classes";
			sourceTree = "<group>";
		};
		FA9EFE64253B496C00A1ED1C /* Resources */ = {
			isa = PBXGroup;
			children = (
				FA9EFE6B253B4B8300A1ED1C /* OpenSans-Bold.ttf */,
				FA9EFE6A253B4B8300A1ED1C /* OpenSans-Regular.ttf */,
				FA9EFE65253B498400A1ED1C /* Baloo2-Bold.ttf */,
			);
			path = Resources;
			sourceTree = "<group>";
		};
		FAA016232546C9AF004D35BB /* Email Verification */ = {
			isa = PBXGroup;
			children = (
				FAA016242546C9C6004D35BB /* EmailVerificationVC.swift */,
				FA192D8425514C08005A55DD /* EmailVerificationPresenter.swift */,
				FAA016252546C9C6004D35BB /* EmailVerificationVC.xib */,
			);
			path = "Email Verification";
			sourceTree = "<group>";
		};
		FAA0162E2547106E004D35BB /* Questionnaires */ = {
			isa = PBXGroup;
			children = (
				FAA0162F25471818004D35BB /* QuestionnairesVC.swift */,
				FAC5FEFB2558309B00F06B33 /* QuestionnairePresenter.swift */,
				FAA0163025471818004D35BB /* QuestionnairesVC.xib */,
				FAA0163625471FC8004D35BB /* Questionnaire Table View Cells */,
			);
			path = Questionnaires;
			sourceTree = "<group>";
		};
		FAA0163625471FC8004D35BB /* Questionnaire Table View Cells */ = {
			isa = PBXGroup;
			children = (
				FAC77CAB254BF59F004ADA74 /* Country Option Cell */,
				FAC77CA4254BF57E004ADA74 /* Simple Option Cell */,
			);
			path = "Questionnaire Table View Cells";
			sourceTree = "<group>";
		};
		FAA4115C259475BA00DD9177 /* Terms Conditions Collection View Cell */ = {
			isa = PBXGroup;
			children = (
				FAA41160259475F800DD9177 /* TermsConditionsCollectionViewCell.swift */,
				FAA41161259475F800DD9177 /* TermsConditionsCollectionViewCell.xib */,
			);
			path = "Terms Conditions Collection View Cell";
			sourceTree = "<group>";
		};
		FAB4A9AB25DA83E00065D23D /* Cells */ = {
			isa = PBXGroup;
			children = (
				FAB4A9AC25DA84100065D23D /* SearchUserCollectionViewCell.swift */,
				FAB4A9AD25DA84100065D23D /* SearchUserCollectionViewCell.xib */,
			);
			path = Cells;
			sourceTree = "<group>";
		};
		FAC77CA4254BF57E004ADA74 /* Simple Option Cell */ = {
			isa = PBXGroup;
			children = (
				FAA016442547EC3D004D35BB /* QuestionnaireSimpleOptionTableViewCell.swift */,
				FAA016452547EC3D004D35BB /* QuestionnaireSimpleOptionTableViewCell.xib */,
			);
			path = "Simple Option Cell";
			sourceTree = "<group>";
		};
		FAC77CAB254BF59F004ADA74 /* Country Option Cell */ = {
			isa = PBXGroup;
			children = (
				FAC77CAC254BF5D2004ADA74 /* QuestionnaireCountryOptionTableViewCell.swift */,
				FAC77CAD254BF5D2004ADA74 /* QuestionnaireCountryOptionTableViewCell.xib */,
			);
			path = "Country Option Cell";
			sourceTree = "<group>";
		};
		FACCBE5625D53F930097554A /* Settings */ = {
			isa = PBXGroup;
			children = (
				FACCBE5725D53FA40097554A /* SettingsVC.swift */,
			);
			path = Settings;
			sourceTree = "<group>";
		};
		FAD8BE4E25919AE6009AA7AB /* Upload Photo Video */ = {
			isa = PBXGroup;
			children = (
				FAD8BE6425919B34009AA7AB /* UploadPhotoVideoVC.swift */,
				FAD8BE6525919B34009AA7AB /* UploadPhotoVideoVC.xib */,
				FA1C5EF525959645008C7BFE /* UploadPhotoVideoPresenter.swift */,
				FAD8BE9A2591A5E2009AA7AB /* Cells */,
			);
			path = "Upload Photo Video";
			sourceTree = "<group>";
		};
		FAD8BE9A2591A5E2009AA7AB /* Cells */ = {
			isa = PBXGroup;
			children = (
				FAA4115C259475BA00DD9177 /* Terms Conditions Collection View Cell */,
				FA0765352594420100D48366 /* Terms Conditions Table View Cell */,
				FA076534259441E900D48366 /* Upload Photo Video Collection View Cell */,
			);
			path = Cells;
			sourceTree = "<group>";
		};
		FAE553A625A95AE300C765F2 /* Profile */ = {
			isa = PBXGroup;
			children = (
				FAE553A725A95B0500C765F2 /* ProfileVC.swift */,
				FAE553A825A95B0500C765F2 /* ProfileVC.xib */,
				FAE553B425A987F400C765F2 /* ProfilePresenter.swift */,
				FAF4EF6B25B28778006E0830 /* Cells */,
			);
			path = Profile;
			sourceTree = "<group>";
		};
		FAE965D925D3DFDF009017F5 /* Search */ = {
			isa = PBXGroup;
			children = (
				FAE965DA25D3DFF0009017F5 /* SearchVC.swift */,
				FAE965E225D3E06A009017F5 /* SearchPresenter.swift */,
				FAB4A9AB25DA83E00065D23D /* Cells */,
			);
			path = Search;
			sourceTree = "<group>";
		};
		FAF13CEC253C244300D1499A /* Forgot Password */ = {
			isa = PBXGroup;
			children = (
				FAF13CF0253C26B800D1499A /* ForgotPasswordVC.swift */,
				FA5DB49825502BB5002465B3 /* ForgotPasswordPresenter.swift */,
				FAF13CF1253C26B800D1499A /* ForgotPasswordVC.xib */,
			);
			path = "Forgot Password";
			sourceTree = "<group>";
		};
		FAF2989525D2A08500E1595A /* Tab Bar */ = {
			isa = PBXGroup;
			children = (
				FAF2989625D2A0B200E1595A /* TabBarVC.swift */,
			);
			name = "Tab Bar";
			sourceTree = "<group>";
		};
		FAF4EF6B25B28778006E0830 /* Cells */ = {
			isa = PBXGroup;
			children = (
				FAF4EF6C25B287B8006E0830 /* MyProfileTableViewCell.swift */,
				FAF4EF6D25B287B8006E0830 /* MyProfileTableViewCell.xib */,
			);
			path = Cells;
			sourceTree = "<group>";
		};
		FAF4EF7325B2B24E006E0830 /* Edit Profile */ = {
			isa = PBXGroup;
			children = (
				FAF4EF7425B2B267006E0830 /* EditProfileVC.swift */,
				FA06695625B686D900D0786E /* EditProfilePresenter.swift */,
				FAF4EF7525B2B267006E0830 /* EditProfileVC.xib */,
				FA0669BB25B6B51400D0786E /* Cells */,
			);
			path = "Edit Profile";
			sourceTree = "<group>";
		};
/* End PBXGroup section */

/* Begin PBXNativeTarget section */
		882EDB2C25322306009E8C46 /* WingMate_iOS */ = {
			isa = PBXNativeTarget;
			buildConfigurationList = 882EDB572532230A009E8C46 /* Build configuration list for PBXNativeTarget "WingMate_iOS" */;
			buildPhases = (
				C69BB5BC682C865F17DBCE25 /* [CP] Check Pods Manifest.lock */,
				882EDB2925322306009E8C46 /* Sources */,
				882EDB2A25322306009E8C46 /* Frameworks */,
				882EDB2B25322306009E8C46 /* Resources */,
				C45D32FC43E3D3B11002F1B8 /* [CP] Embed Pods Frameworks */,
			);
			buildRules = (
			);
			dependencies = (
			);
			name = WingMate_iOS;
			productName = WingMate_iOS;
			productReference = 882EDB2D25322306009E8C46 /* WingMate_iOS.app */;
			productType = "com.apple.product-type.application";
		};
		882EDB422532230A009E8C46 /* WingMate_iOSTests */ = {
			isa = PBXNativeTarget;
			buildConfigurationList = 882EDB5A2532230A009E8C46 /* Build configuration list for PBXNativeTarget "WingMate_iOSTests" */;
			buildPhases = (
				882EDB3F2532230A009E8C46 /* Sources */,
				882EDB402532230A009E8C46 /* Frameworks */,
				882EDB412532230A009E8C46 /* Resources */,
			);
			buildRules = (
			);
			dependencies = (
				882EDB452532230A009E8C46 /* PBXTargetDependency */,
			);
			name = WingMate_iOSTests;
			productName = WingMate_iOSTests;
			productReference = 882EDB432532230A009E8C46 /* WingMate_iOSTests.xctest */;
			productType = "com.apple.product-type.bundle.unit-test";
		};
		882EDB4D2532230A009E8C46 /* WingMate_iOSUITests */ = {
			isa = PBXNativeTarget;
			buildConfigurationList = 882EDB5D2532230A009E8C46 /* Build configuration list for PBXNativeTarget "WingMate_iOSUITests" */;
			buildPhases = (
				882EDB4A2532230A009E8C46 /* Sources */,
				882EDB4B2532230A009E8C46 /* Frameworks */,
				882EDB4C2532230A009E8C46 /* Resources */,
			);
			buildRules = (
			);
			dependencies = (
				882EDB502532230A009E8C46 /* PBXTargetDependency */,
			);
			name = WingMate_iOSUITests;
			productName = WingMate_iOSUITests;
			productReference = 882EDB4E2532230A009E8C46 /* WingMate_iOSUITests.xctest */;
			productType = "com.apple.product-type.bundle.ui-testing";
		};
/* End PBXNativeTarget section */

/* Begin PBXProject section */
		882EDB2525322306009E8C46 /* Project object */ = {
			isa = PBXProject;
			attributes = {
				LastSwiftUpdateCheck = 1200;
				LastUpgradeCheck = 1200;
				TargetAttributes = {
					882EDB2C25322306009E8C46 = {
						CreatedOnToolsVersion = 12.0.1;
					};
					882EDB422532230A009E8C46 = {
						CreatedOnToolsVersion = 12.0.1;
						TestTargetID = 882EDB2C25322306009E8C46;
					};
					882EDB4D2532230A009E8C46 = {
						CreatedOnToolsVersion = 12.0.1;
						TestTargetID = 882EDB2C25322306009E8C46;
					};
				};
			};
			buildConfigurationList = 882EDB2825322306009E8C46 /* Build configuration list for PBXProject "WingMate_iOS" */;
			compatibilityVersion = "Xcode 9.3";
			developmentRegion = en;
			hasScannedForEncodings = 0;
			knownRegions = (
				en,
				Base,
			);
			mainGroup = 882EDB2425322306009E8C46;
			productRefGroup = 882EDB2E25322306009E8C46 /* Products */;
			projectDirPath = "";
			projectRoot = "";
			targets = (
				882EDB2C25322306009E8C46 /* WingMate_iOS */,
				882EDB422532230A009E8C46 /* WingMate_iOSTests */,
				882EDB4D2532230A009E8C46 /* WingMate_iOSUITests */,
			);
		};
/* End PBXProject section */

/* Begin PBXResourcesBuildPhase section */
		882EDB2B25322306009E8C46 /* Resources */ = {
			isa = PBXResourcesBuildPhase;
			buildActionMask = 2147483647;
			files = (
				FAD8BE9E2591A608009AA7AB /* UploadPhotoVideoCollectionViewCell.xib in Resources */,
				882EDB3D2532230A009E8C46 /* LaunchScreen.storyboard in Resources */,
				FA285E95253B663100A5303E /* SplashVC.xib in Resources */,
				FAF13CF3253C26B800D1499A /* ForgotPasswordVC.xib in Resources */,
				FAA0163225471819004D35BB /* QuestionnairesVC.xib in Resources */,
				FAA41163259475F800DD9177 /* TermsConditionsCollectionViewCell.xib in Resources */,
				FA9EFE6D253B4B8300A1ED1C /* OpenSans-Bold.ttf in Resources */,
				FAC4941B2540C2E5007E993B /* RegisterStepTwoVC.xib in Resources */,
				FA0FF3A525DE689A0076C63E /* Info.plist in Resources */,
				882EDB3A2532230A009E8C46 /* Assets.xcassets in Resources */,
				FA9EFD8B25377C4300A1ED1C /* LoginVC.xib in Resources */,
				FA0669D325B6DF6D00D0786E /* OptionSelectionVC.xib in Resources */,
				FAA016472547EC3D004D35BB /* QuestionnaireSimpleOptionTableViewCell.xib in Resources */,
				04FFB7EC260D04FD000CA37D /* SliderTableViewCell.xib in Resources */,
				FAB4A9AF25DA84100065D23D /* SearchUserCollectionViewCell.xib in Resources */,
				FAC4941125403A13007E993B /* RegisterStepOneVC.xib in Resources */,
				FAA016272546C9C6004D35BB /* EmailVerificationVC.xib in Resources */,
				FA0669E125B7CE5700D0786E /* EditNameVC.xib in Resources */,
				882EDB3825322306009E8C46 /* Main.storyboard in Resources */,
				FA0765392594425200D48366 /* TermsConditionsTableViewCell.xib in Resources */,
				FAE553AA25A95B0500C765F2 /* ProfileVC.xib in Resources */,
				FAF4EF6F25B287B8006E0830 /* MyProfileTableViewCell.xib in Resources */,
				FAF4EF7725B2B267006E0830 /* EditProfileVC.xib in Resources */,
				FA9EFE6C253B4B8300A1ED1C /* OpenSans-Regular.ttf in Resources */,
				FA192D432551283E005A55DD /* TermsAndConditionsVC.xib in Resources */,
				FA9EFE66253B498400A1ED1C /* Baloo2-Bold.ttf in Resources */,
				FAC77CAF254BF5D2004ADA74 /* QuestionnaireCountryOptionTableViewCell.xib in Resources */,
				FA70023C255C76D4000052F4 /* TutorialVC.xib in Resources */,
				FA0669BF25B6B53B00D0786E /* EditProfileUserQuestionTableViewCell.xib in Resources */,
				FAD8BE6725919B35009AA7AB /* UploadPhotoVideoVC.xib in Resources */,
				FA285EB3253B721600A5303E /* PreLoginVC.xib in Resources */,
			);
			runOnlyForDeploymentPostprocessing = 0;
		};
		882EDB412532230A009E8C46 /* Resources */ = {
			isa = PBXResourcesBuildPhase;
			buildActionMask = 2147483647;
			files = (
			);
			runOnlyForDeploymentPostprocessing = 0;
		};
		882EDB4C2532230A009E8C46 /* Resources */ = {
			isa = PBXResourcesBuildPhase;
			buildActionMask = 2147483647;
			files = (
			);
			runOnlyForDeploymentPostprocessing = 0;
		};
/* End PBXResourcesBuildPhase section */

/* Begin PBXShellScriptBuildPhase section */
		C45D32FC43E3D3B11002F1B8 /* [CP] Embed Pods Frameworks */ = {
			isa = PBXShellScriptBuildPhase;
			buildActionMask = 2147483647;
			files = (
			);
			inputFileListPaths = (
				"${PODS_ROOT}/Target Support Files/Pods-WingMate_iOS/Pods-WingMate_iOS-frameworks-${CONFIGURATION}-input-files.xcfilelist",
			);
			name = "[CP] Embed Pods Frameworks";
			outputFileListPaths = (
				"${PODS_ROOT}/Target Support Files/Pods-WingMate_iOS/Pods-WingMate_iOS-frameworks-${CONFIGURATION}-output-files.xcfilelist",
			);
			runOnlyForDeploymentPostprocessing = 0;
			shellPath = /bin/sh;
			shellScript = "\"${PODS_ROOT}/Target Support Files/Pods-WingMate_iOS/Pods-WingMate_iOS-frameworks.sh\"\n";
			showEnvVarsInLog = 0;
		};
		C69BB5BC682C865F17DBCE25 /* [CP] Check Pods Manifest.lock */ = {
			isa = PBXShellScriptBuildPhase;
			buildActionMask = 2147483647;
			files = (
			);
			inputFileListPaths = (
			);
			inputPaths = (
				"${PODS_PODFILE_DIR_PATH}/Podfile.lock",
				"${PODS_ROOT}/Manifest.lock",
			);
			name = "[CP] Check Pods Manifest.lock";
			outputFileListPaths = (
			);
			outputPaths = (
				"$(DERIVED_FILE_DIR)/Pods-WingMate_iOS-checkManifestLockResult.txt",
			);
			runOnlyForDeploymentPostprocessing = 0;
			shellPath = /bin/sh;
			shellScript = "diff \"${PODS_PODFILE_DIR_PATH}/Podfile.lock\" \"${PODS_ROOT}/Manifest.lock\" > /dev/null\nif [ $? != 0 ] ; then\n    # print error to STDERR\n    echo \"error: The sandbox is not in sync with the Podfile.lock. Run 'pod install' or update your CocoaPods installation.\" >&2\n    exit 1\nfi\n# This output is used by Xcode 'outputs' to avoid re-running this script phase.\necho \"SUCCESS\" > \"${SCRIPT_OUTPUT_FILE_0}\"\n";
			showEnvVarsInLog = 0;
		};
/* End PBXShellScriptBuildPhase section */

/* Begin PBXSourcesBuildPhase section */
		882EDB2925322306009E8C46 /* Sources */ = {
			isa = PBXSourcesBuildPhase;
			buildActionMask = 2147483647;
			files = (
				FA00F0BC25DBD11E00D38E88 /* ChatVC.swift in Sources */,
				FA192D422551283E005A55DD /* TermsAndConditionsVC.swift in Sources */,
				FA5DB48625501DE1002465B3 /* LoginPresenter.swift in Sources */,
				FAD8BE6625919B35009AA7AB /* UploadPhotoVideoVC.swift in Sources */,
				04FFB7EB260D04FD000CA37D /* SliderTableViewCell.swift in Sources */,
				52A35B54254C9F0D00D1A56A /* ParseAPIManager.swift in Sources */,
				FAA016262546C9C6004D35BB /* EmailVerificationVC.swift in Sources */,
				FA0669D225B6DF6D00D0786E /* OptionSelectionVC.swift in Sources */,
				FA1C5F41259B8013008C7BFE /* UIScrollView-Extension.swift in Sources */,
				FA9EFD8025377BA200A1ED1C /* BaseCollectionViewCell.swift in Sources */,
				FA9EFD45253779DD00A1ED1C /* UIButton-Extension.swift in Sources */,
				FAC3A42B25DF00230098BAF7 /* FansPresenter.swift in Sources */,
				FA192D8525514C08005A55DD /* EmailVerificationPresenter.swift in Sources */,
				FAC4941025403A13007E993B /* RegisterStepOneVC.swift in Sources */,
				FA9EFD8A25377C4300A1ED1C /* LoginVC.swift in Sources */,
				FAE553B525A987F400C765F2 /* ProfilePresenter.swift in Sources */,
				FA9EFDB225377DA200A1ED1C /* ParseConfiguration.swift in Sources */,
				FAE965E325D3E06A009017F5 /* SearchPresenter.swift in Sources */,
				FA9EFD44253779DD00A1ED1C /* UIView-Extension.swift in Sources */,
				FA9EFD43253779DD00A1ED1C /* UIColor-Extension.swift in Sources */,
				FA0669E025B7CE5700D0786E /* EditNameVC.swift in Sources */,
				FA9EFD7F25377BA200A1ED1C /* BaseVC.swift in Sources */,
				FA9EFD42253779DD00A1ED1C /* NSObject-Extension.swift in Sources */,
				FACCBE5825D53FA40097554A /* SettingsVC.swift in Sources */,
				FAA41162259475F800DD9177 /* TermsConditionsCollectionViewCell.swift in Sources */,
				FAC5FEFC2558309B00F06B33 /* QuestionnairePresenter.swift in Sources */,
				FA9EFD4A253779DD00A1ED1C /* FileManager-Extension.swift in Sources */,
				FA9EFD2B2537793700A1ED1C /* Enums.swift in Sources */,
				FA285EBE253B842400A5303E /* UITextField-Extension.swift in Sources */,
				FA285EB2253B721600A5303E /* PreLoginVC.swift in Sources */,
				FA9EFD292537793700A1ED1C /* GlobalVariables.swift in Sources */,
				FA1C5F3C25998DED008C7BFE /* UploadPhotoVideoModel.swift in Sources */,
				FAF13CF2253C26B800D1499A /* ForgotPasswordVC.swift in Sources */,
				FA285E94253B663100A5303E /* SplashVC.swift in Sources */,
				FA700299255D37B3000052F4 /* User.swift in Sources */,
				FAF4EF7625B2B267006E0830 /* EditProfileVC.swift in Sources */,
				FA00F0B625DBD0DD00D38E88 /* FansVC.swift in Sources */,
				FABEC622259D7E1F0025B6C1 /* UserPhotoVideoModel.swift in Sources */,
				FA9EFD46253779DD00A1ED1C /* UIApplication-Extension.swift in Sources */,
				FAA0163125471819004D35BB /* QuestionnairesVC.swift in Sources */,
				FA7003EE255F2708000052F4 /* DashboardVC.swift in Sources */,
				FA0669BE25B6B53B00D0786E /* EditProfileUserQuestionTableViewCell.swift in Sources */,
				FA9EFD48253779DD00A1ED1C /* DateTime-Extension.swift in Sources */,
				FA385E6E25B9275000D1AEAF /* OptionSelectionPresenter.swift in Sources */,
				FAE965DB25D3DFF0009017F5 /* SearchVC.swift in Sources */,
				FAC4941A2540C2E5007E993B /* RegisterStepTwoVC.swift in Sources */,
				FA8DEA792579EA9700CDFD52 /* QuestionnaireModel.swift in Sources */,
				FA9EFD49253779DD00A1ED1C /* UIViewController-Extension.swift in Sources */,
				FA9EFD4E253779DD00A1ED1C /* Double-Extension.swift in Sources */,
				FA5DB4DE25503322002465B3 /* RegisterPresenter.swift in Sources */,
				FA9EFD41253779DD00A1ED1C /* String-Extension.swift in Sources */,
				FA9EFD47253779DD00A1ED1C /* UILabel-Extension.swift in Sources */,
				FAC5FF012559142A00F06B33 /* DBColumn.swift in Sources */,
				FA70023B255C76D4000052F4 /* TutorialVC.swift in Sources */,
				FAFE287325DCF11200DB4770 /* DashboardPresenter.swift in Sources */,
				FA9EFD282537793700A1ED1C /* Utilities.swift in Sources */,
				FAC77CAE254BF5D2004ADA74 /* QuestionnaireCountryOptionTableViewCell.swift in Sources */,
				FA1C5EF625959645008C7BFE /* UploadPhotoVideoPresenter.swift in Sources */,
				FADF223725B82E9200BB8E4C /* EditNamePresenter.swift in Sources */,
				FAE553A925A95B0500C765F2 /* ProfileVC.swift in Sources */,
				FAF2989725D2A0B200E1595A /* TabBarVC.swift in Sources */,
				FA0765382594425200D48366 /* TermsConditionsTableViewCell.swift in Sources */,
				FAB4A9AE25DA84100065D23D /* SearchUserCollectionViewCell.swift in Sources */,
				FAD8BE9D2591A608009AA7AB /* UploadPhotoVideoCollectionViewCell.swift in Sources */,
				FA9EFD4C253779DD00A1ED1C /* ImagePicker-Extension.swift in Sources */,
				FAA016462547EC3D004D35BB /* QuestionnaireSimpleOptionTableViewCell.swift in Sources */,
				FA9EFD5425377A3B00A1ED1C /* ApplicationManager.swift in Sources */,
				FAF4EF6E25B287B8006E0830 /* MyProfileTableViewCell.swift in Sources */,
				882EDB3125322306009E8C46 /* AppDelegate.swift in Sources */,
				FA9EFD272537793700A1ED1C /* Constants.swift in Sources */,
				FA5DB49925502BB5002465B3 /* ForgotPasswordPresenter.swift in Sources */,
				FA06695725B686D900D0786E /* EditProfilePresenter.swift in Sources */,
				FA9EFD4B253779DD00A1ED1C /* URL-Extension.swift in Sources */,
				FA9EFD7E25377BA200A1ED1C /* BaseTableViewCell.swift in Sources */,
				FA9EFD4D253779DD00A1ED1C /* UITableView-Extension.swift in Sources */,
			);
			runOnlyForDeploymentPostprocessing = 0;
		};
		882EDB3F2532230A009E8C46 /* Sources */ = {
			isa = PBXSourcesBuildPhase;
			buildActionMask = 2147483647;
			files = (
				882EDB482532230A009E8C46 /* WingMate_iOSTests.swift in Sources */,
			);
			runOnlyForDeploymentPostprocessing = 0;
		};
		882EDB4A2532230A009E8C46 /* Sources */ = {
			isa = PBXSourcesBuildPhase;
			buildActionMask = 2147483647;
			files = (
				882EDB532532230A009E8C46 /* WingMate_iOSUITests.swift in Sources */,
			);
			runOnlyForDeploymentPostprocessing = 0;
		};
/* End PBXSourcesBuildPhase section */

/* Begin PBXTargetDependency section */
		882EDB452532230A009E8C46 /* PBXTargetDependency */ = {
			isa = PBXTargetDependency;
			target = 882EDB2C25322306009E8C46 /* WingMate_iOS */;
			targetProxy = 882EDB442532230A009E8C46 /* PBXContainerItemProxy */;
		};
		882EDB502532230A009E8C46 /* PBXTargetDependency */ = {
			isa = PBXTargetDependency;
			target = 882EDB2C25322306009E8C46 /* WingMate_iOS */;
			targetProxy = 882EDB4F2532230A009E8C46 /* PBXContainerItemProxy */;
		};
/* End PBXTargetDependency section */

/* Begin PBXVariantGroup section */
		882EDB3625322306009E8C46 /* Main.storyboard */ = {
			isa = PBXVariantGroup;
			children = (
				882EDB3725322306009E8C46 /* Base */,
			);
			name = Main.storyboard;
			sourceTree = "<group>";
		};
		882EDB3B2532230A009E8C46 /* LaunchScreen.storyboard */ = {
			isa = PBXVariantGroup;
			children = (
				882EDB3C2532230A009E8C46 /* Base */,
			);
			name = LaunchScreen.storyboard;
			sourceTree = "<group>";
		};
/* End PBXVariantGroup section */

/* Begin XCBuildConfiguration section */
		882EDB552532230A009E8C46 /* Debug */ = {
			isa = XCBuildConfiguration;
			buildSettings = {
				ALWAYS_SEARCH_USER_PATHS = NO;
				CLANG_ANALYZER_NONNULL = YES;
				CLANG_ANALYZER_NUMBER_OBJECT_CONVERSION = YES_AGGRESSIVE;
				CLANG_CXX_LANGUAGE_STANDARD = "gnu++14";
				CLANG_CXX_LIBRARY = "libc++";
				CLANG_ENABLE_MODULES = YES;
				CLANG_ENABLE_OBJC_ARC = YES;
				CLANG_ENABLE_OBJC_WEAK = YES;
				CLANG_WARN_BLOCK_CAPTURE_AUTORELEASING = YES;
				CLANG_WARN_BOOL_CONVERSION = YES;
				CLANG_WARN_COMMA = YES;
				CLANG_WARN_CONSTANT_CONVERSION = YES;
				CLANG_WARN_DEPRECATED_OBJC_IMPLEMENTATIONS = YES;
				CLANG_WARN_DIRECT_OBJC_ISA_USAGE = YES_ERROR;
				CLANG_WARN_DOCUMENTATION_COMMENTS = YES;
				CLANG_WARN_EMPTY_BODY = YES;
				CLANG_WARN_ENUM_CONVERSION = YES;
				CLANG_WARN_INFINITE_RECURSION = YES;
				CLANG_WARN_INT_CONVERSION = YES;
				CLANG_WARN_NON_LITERAL_NULL_CONVERSION = YES;
				CLANG_WARN_OBJC_IMPLICIT_RETAIN_SELF = YES;
				CLANG_WARN_OBJC_LITERAL_CONVERSION = YES;
				CLANG_WARN_OBJC_ROOT_CLASS = YES_ERROR;
				CLANG_WARN_QUOTED_INCLUDE_IN_FRAMEWORK_HEADER = YES;
				CLANG_WARN_RANGE_LOOP_ANALYSIS = YES;
				CLANG_WARN_STRICT_PROTOTYPES = YES;
				CLANG_WARN_SUSPICIOUS_MOVE = YES;
				CLANG_WARN_UNGUARDED_AVAILABILITY = YES_AGGRESSIVE;
				CLANG_WARN_UNREACHABLE_CODE = YES;
				CLANG_WARN__DUPLICATE_METHOD_MATCH = YES;
				COPY_PHASE_STRIP = NO;
				DEBUG_INFORMATION_FORMAT = dwarf;
				ENABLE_STRICT_OBJC_MSGSEND = YES;
				ENABLE_TESTABILITY = YES;
				GCC_C_LANGUAGE_STANDARD = gnu11;
				GCC_DYNAMIC_NO_PIC = NO;
				GCC_NO_COMMON_BLOCKS = YES;
				GCC_OPTIMIZATION_LEVEL = 0;
				GCC_PREPROCESSOR_DEFINITIONS = (
					"DEBUG=1",
					"$(inherited)",
				);
				GCC_WARN_64_TO_32_BIT_CONVERSION = YES;
				GCC_WARN_ABOUT_RETURN_TYPE = YES_ERROR;
				GCC_WARN_UNDECLARED_SELECTOR = YES;
				GCC_WARN_UNINITIALIZED_AUTOS = YES_AGGRESSIVE;
				GCC_WARN_UNUSED_FUNCTION = YES;
				GCC_WARN_UNUSED_VARIABLE = YES;
				IPHONEOS_DEPLOYMENT_TARGET = 12.0;
				MTL_ENABLE_DEBUG_INFO = INCLUDE_SOURCE;
				MTL_FAST_MATH = YES;
				ONLY_ACTIVE_ARCH = YES;
				SDKROOT = iphoneos;
				SWIFT_ACTIVE_COMPILATION_CONDITIONS = DEBUG;
				SWIFT_OPTIMIZATION_LEVEL = "-Onone";
			};
			name = Debug;
		};
		882EDB562532230A009E8C46 /* Release */ = {
			isa = XCBuildConfiguration;
			buildSettings = {
				ALWAYS_SEARCH_USER_PATHS = NO;
				CLANG_ANALYZER_NONNULL = YES;
				CLANG_ANALYZER_NUMBER_OBJECT_CONVERSION = YES_AGGRESSIVE;
				CLANG_CXX_LANGUAGE_STANDARD = "gnu++14";
				CLANG_CXX_LIBRARY = "libc++";
				CLANG_ENABLE_MODULES = YES;
				CLANG_ENABLE_OBJC_ARC = YES;
				CLANG_ENABLE_OBJC_WEAK = YES;
				CLANG_WARN_BLOCK_CAPTURE_AUTORELEASING = YES;
				CLANG_WARN_BOOL_CONVERSION = YES;
				CLANG_WARN_COMMA = YES;
				CLANG_WARN_CONSTANT_CONVERSION = YES;
				CLANG_WARN_DEPRECATED_OBJC_IMPLEMENTATIONS = YES;
				CLANG_WARN_DIRECT_OBJC_ISA_USAGE = YES_ERROR;
				CLANG_WARN_DOCUMENTATION_COMMENTS = YES;
				CLANG_WARN_EMPTY_BODY = YES;
				CLANG_WARN_ENUM_CONVERSION = YES;
				CLANG_WARN_INFINITE_RECURSION = YES;
				CLANG_WARN_INT_CONVERSION = YES;
				CLANG_WARN_NON_LITERAL_NULL_CONVERSION = YES;
				CLANG_WARN_OBJC_IMPLICIT_RETAIN_SELF = YES;
				CLANG_WARN_OBJC_LITERAL_CONVERSION = YES;
				CLANG_WARN_OBJC_ROOT_CLASS = YES_ERROR;
				CLANG_WARN_QUOTED_INCLUDE_IN_FRAMEWORK_HEADER = YES;
				CLANG_WARN_RANGE_LOOP_ANALYSIS = YES;
				CLANG_WARN_STRICT_PROTOTYPES = YES;
				CLANG_WARN_SUSPICIOUS_MOVE = YES;
				CLANG_WARN_UNGUARDED_AVAILABILITY = YES_AGGRESSIVE;
				CLANG_WARN_UNREACHABLE_CODE = YES;
				CLANG_WARN__DUPLICATE_METHOD_MATCH = YES;
				COPY_PHASE_STRIP = NO;
				DEBUG_INFORMATION_FORMAT = "dwarf-with-dsym";
				ENABLE_NS_ASSERTIONS = NO;
				ENABLE_STRICT_OBJC_MSGSEND = YES;
				GCC_C_LANGUAGE_STANDARD = gnu11;
				GCC_NO_COMMON_BLOCKS = YES;
				GCC_WARN_64_TO_32_BIT_CONVERSION = YES;
				GCC_WARN_ABOUT_RETURN_TYPE = YES_ERROR;
				GCC_WARN_UNDECLARED_SELECTOR = YES;
				GCC_WARN_UNINITIALIZED_AUTOS = YES_AGGRESSIVE;
				GCC_WARN_UNUSED_FUNCTION = YES;
				GCC_WARN_UNUSED_VARIABLE = YES;
				IPHONEOS_DEPLOYMENT_TARGET = 12.0;
				MTL_ENABLE_DEBUG_INFO = NO;
				MTL_FAST_MATH = YES;
				SDKROOT = iphoneos;
				SWIFT_COMPILATION_MODE = wholemodule;
				SWIFT_OPTIMIZATION_LEVEL = "-O";
				VALIDATE_PRODUCT = YES;
			};
			name = Release;
		};
		882EDB582532230A009E8C46 /* Debug */ = {
			isa = XCBuildConfiguration;
			baseConfigurationReference = 8668EF29CD881BF614A1E3F9 /* Pods-WingMate_iOS.debug.xcconfig */;
			buildSettings = {
				ASSETCATALOG_COMPILER_APPICON_NAME = AppIcon;
				ASSETCATALOG_COMPILER_GLOBAL_ACCENT_COLOR_NAME = AccentColor;
				CODE_SIGN_IDENTITY = "Apple Development";
				CODE_SIGN_STYLE = Manual;
				CURRENT_PROJECT_VERSION = 1.0;
				DEVELOPMENT_TEAM = "";
				INFOPLIST_FILE = "$(SRCROOT)/WingMate_iOS/Application/Info.plist";
				LD_RUNPATH_SEARCH_PATHS = (
					"$(inherited)",
					"@executable_path/Frameworks",
				);
				PRODUCT_BUNDLE_IDENTIFIER = com.app.wingmate;
				PRODUCT_NAME = "$(TARGET_NAME)";
				PROVISIONING_PROFILE_SPECIFIER = "";
				SWIFT_VERSION = 5.0;
				TARGETED_DEVICE_FAMILY = "1,2";
			};
			name = Debug;
		};
		882EDB592532230A009E8C46 /* Release */ = {
			isa = XCBuildConfiguration;
			baseConfigurationReference = 70517DE6A53286DDC37984C3 /* Pods-WingMate_iOS.release.xcconfig */;
			buildSettings = {
				ASSETCATALOG_COMPILER_APPICON_NAME = AppIcon;
				ASSETCATALOG_COMPILER_GLOBAL_ACCENT_COLOR_NAME = AccentColor;
				CODE_SIGN_IDENTITY = "Apple Development";
				CODE_SIGN_STYLE = Manual;
				CURRENT_PROJECT_VERSION = 1.0;
				DEVELOPMENT_TEAM = "";
				INFOPLIST_FILE = "$(SRCROOT)/WingMate_iOS/Application/Info.plist";
				LD_RUNPATH_SEARCH_PATHS = (
					"$(inherited)",
					"@executable_path/Frameworks",
				);
				PRODUCT_BUNDLE_IDENTIFIER = com.app.wingmate;
				PRODUCT_NAME = "$(TARGET_NAME)";
				PROVISIONING_PROFILE_SPECIFIER = "";
				SWIFT_VERSION = 5.0;
				TARGETED_DEVICE_FAMILY = "1,2";
			};
			name = Release;
		};
		882EDB5B2532230A009E8C46 /* Debug */ = {
			isa = XCBuildConfiguration;
			buildSettings = {
				ALWAYS_EMBED_SWIFT_STANDARD_LIBRARIES = YES;
				BUNDLE_LOADER = "$(TEST_HOST)";
				CODE_SIGN_STYLE = Automatic;
				INFOPLIST_FILE = WingMate_iOSTests/Info.plist;
				IPHONEOS_DEPLOYMENT_TARGET = 14.0;
				LD_RUNPATH_SEARCH_PATHS = (
					"$(inherited)",
					"@executable_path/Frameworks",
					"@loader_path/Frameworks",
				);
				PRODUCT_BUNDLE_IDENTIFIER = "WingMate.WingMate-iOSTests";
				PRODUCT_NAME = "$(TARGET_NAME)";
				SWIFT_VERSION = 5.0;
				TARGETED_DEVICE_FAMILY = "1,2";
				TEST_HOST = "$(BUILT_PRODUCTS_DIR)/WingMate_iOS.app/WingMate_iOS";
			};
			name = Debug;
		};
		882EDB5C2532230A009E8C46 /* Release */ = {
			isa = XCBuildConfiguration;
			buildSettings = {
				ALWAYS_EMBED_SWIFT_STANDARD_LIBRARIES = YES;
				BUNDLE_LOADER = "$(TEST_HOST)";
				CODE_SIGN_STYLE = Automatic;
				INFOPLIST_FILE = WingMate_iOSTests/Info.plist;
				IPHONEOS_DEPLOYMENT_TARGET = 14.0;
				LD_RUNPATH_SEARCH_PATHS = (
					"$(inherited)",
					"@executable_path/Frameworks",
					"@loader_path/Frameworks",
				);
				PRODUCT_BUNDLE_IDENTIFIER = "WingMate.WingMate-iOSTests";
				PRODUCT_NAME = "$(TARGET_NAME)";
				SWIFT_VERSION = 5.0;
				TARGETED_DEVICE_FAMILY = "1,2";
				TEST_HOST = "$(BUILT_PRODUCTS_DIR)/WingMate_iOS.app/WingMate_iOS";
			};
			name = Release;
		};
		882EDB5E2532230A009E8C46 /* Debug */ = {
			isa = XCBuildConfiguration;
			buildSettings = {
				ALWAYS_EMBED_SWIFT_STANDARD_LIBRARIES = YES;
				CODE_SIGN_STYLE = Automatic;
				INFOPLIST_FILE = WingMate_iOSUITests/Info.plist;
				LD_RUNPATH_SEARCH_PATHS = (
					"$(inherited)",
					"@executable_path/Frameworks",
					"@loader_path/Frameworks",
				);
				PRODUCT_BUNDLE_IDENTIFIER = "WingMate.WingMate-iOSUITests";
				PRODUCT_NAME = "$(TARGET_NAME)";
				SWIFT_VERSION = 5.0;
				TARGETED_DEVICE_FAMILY = "1,2";
				TEST_TARGET_NAME = WingMate_iOS;
			};
			name = Debug;
		};
		882EDB5F2532230A009E8C46 /* Release */ = {
			isa = XCBuildConfiguration;
			buildSettings = {
				ALWAYS_EMBED_SWIFT_STANDARD_LIBRARIES = YES;
				CODE_SIGN_STYLE = Automatic;
				INFOPLIST_FILE = WingMate_iOSUITests/Info.plist;
				LD_RUNPATH_SEARCH_PATHS = (
					"$(inherited)",
					"@executable_path/Frameworks",
					"@loader_path/Frameworks",
				);
				PRODUCT_BUNDLE_IDENTIFIER = "WingMate.WingMate-iOSUITests";
				PRODUCT_NAME = "$(TARGET_NAME)";
				SWIFT_VERSION = 5.0;
				TARGETED_DEVICE_FAMILY = "1,2";
				TEST_TARGET_NAME = WingMate_iOS;
			};
			name = Release;
		};
/* End XCBuildConfiguration section */

/* Begin XCConfigurationList section */
		882EDB2825322306009E8C46 /* Build configuration list for PBXProject "WingMate_iOS" */ = {
			isa = XCConfigurationList;
			buildConfigurations = (
				882EDB552532230A009E8C46 /* Debug */,
				882EDB562532230A009E8C46 /* Release */,
			);
			defaultConfigurationIsVisible = 0;
			defaultConfigurationName = Release;
		};
		882EDB572532230A009E8C46 /* Build configuration list for PBXNativeTarget "WingMate_iOS" */ = {
			isa = XCConfigurationList;
			buildConfigurations = (
				882EDB582532230A009E8C46 /* Debug */,
				882EDB592532230A009E8C46 /* Release */,
			);
			defaultConfigurationIsVisible = 0;
			defaultConfigurationName = Release;
		};
		882EDB5A2532230A009E8C46 /* Build configuration list for PBXNativeTarget "WingMate_iOSTests" */ = {
			isa = XCConfigurationList;
			buildConfigurations = (
				882EDB5B2532230A009E8C46 /* Debug */,
				882EDB5C2532230A009E8C46 /* Release */,
			);
			defaultConfigurationIsVisible = 0;
			defaultConfigurationName = Release;
		};
		882EDB5D2532230A009E8C46 /* Build configuration list for PBXNativeTarget "WingMate_iOSUITests" */ = {
			isa = XCConfigurationList;
			buildConfigurations = (
				882EDB5E2532230A009E8C46 /* Debug */,
				882EDB5F2532230A009E8C46 /* Release */,
			);
			defaultConfigurationIsVisible = 0;
			defaultConfigurationName = Release;
		};
/* End XCConfigurationList section */
	};
	rootObject = 882EDB2525322306009E8C46 /* Project object */;
}
